// !$*UTF8*$!
{
	archiveVersion = 1;
	classes = {
	};
	objectVersion = 48;
	objects = {

/* Begin PBXBuildFile section */
		2C4AEAC91FA33DE700C2FAA9 /* AppDelegate.swift in Sources */ = {isa = PBXBuildFile; fileRef = 2C4AEAC81FA33DE700C2FAA9 /* AppDelegate.swift */; };
		2C4AEACE1FA33DE700C2FAA9 /* Main.storyboard in Resources */ = {isa = PBXBuildFile; fileRef = 2C4AEACC1FA33DE700C2FAA9 /* Main.storyboard */; };
		2C4AEAD01FA33DE700C2FAA9 /* Assets.xcassets in Resources */ = {isa = PBXBuildFile; fileRef = 2C4AEACF1FA33DE700C2FAA9 /* Assets.xcassets */; };
		2C4AEAD31FA33DE700C2FAA9 /* LaunchScreen.storyboard in Resources */ = {isa = PBXBuildFile; fileRef = 2C4AEAD11FA33DE700C2FAA9 /* LaunchScreen.storyboard */; };
		2C4AEADE1FA33DE800C2FAA9 /* LRFTodoListTests.swift in Sources */ = {isa = PBXBuildFile; fileRef = 2C4AEADD1FA33DE800C2FAA9 /* LRFTodoListTests.swift */; };
		2C4AEAE91FA33DE800C2FAA9 /* LRFTodoListUITests.swift in Sources */ = {isa = PBXBuildFile; fileRef = 2C4AEAE81FA33DE800C2FAA9 /* LRFTodoListUITests.swift */; };
		2C4AEAFB1FA3428400C2FAA9 /* LRFNewTodoViewController.swift in Sources */ = {isa = PBXBuildFile; fileRef = 2C4AEAFA1FA3428400C2FAA9 /* LRFNewTodoViewController.swift */; };
		2C4AEAFD1FA342C600C2FAA9 /* LRFTodoListTableViewController.swift in Sources */ = {isa = PBXBuildFile; fileRef = 2C4AEAFC1FA342C600C2FAA9 /* LRFTodoListTableViewController.swift */; };
/* End PBXBuildFile section */

/* Begin PBXContainerItemProxy section */
		2C4AEADA1FA33DE800C2FAA9 /* PBXContainerItemProxy */ = {
			isa = PBXContainerItemProxy;
			containerPortal = 2C4AEABD1FA33DE700C2FAA9 /* Project object */;
			proxyType = 1;
			remoteGlobalIDString = 2C4AEAC41FA33DE700C2FAA9;
			remoteInfo = LRFTodoList;
		};
		2C4AEAE51FA33DE800C2FAA9 /* PBXContainerItemProxy */ = {
			isa = PBXContainerItemProxy;
			containerPortal = 2C4AEABD1FA33DE700C2FAA9 /* Project object */;
			proxyType = 1;
			remoteGlobalIDString = 2C4AEAC41FA33DE700C2FAA9;
			remoteInfo = LRFTodoList;
		};
/* End PBXContainerItemProxy section */

/* Begin PBXFileReference section */
		2C4AEAC51FA33DE700C2FAA9 /* LRFTodoList.app */ = {isa = PBXFileReference; explicitFileType = wrapper.application; includeInIndex = 0; path = LRFTodoList.app; sourceTree = BUILT_PRODUCTS_DIR; };
		2C4AEAC81FA33DE700C2FAA9 /* AppDelegate.swift */ = {isa = PBXFileReference; lastKnownFileType = sourcecode.swift; path = AppDelegate.swift; sourceTree = "<group>"; };
		2C4AEACD1FA33DE700C2FAA9 /* Base */ = {isa = PBXFileReference; lastKnownFileType = file.storyboard; name = Base; path = Base.lproj/Main.storyboard; sourceTree = "<group>"; };
		2C4AEACF1FA33DE700C2FAA9 /* Assets.xcassets */ = {isa = PBXFileReference; lastKnownFileType = folder.assetcatalog; path = Assets.xcassets; sourceTree = "<group>"; };
		2C4AEAD21FA33DE700C2FAA9 /* Base */ = {isa = PBXFileReference; lastKnownFileType = file.storyboard; name = Base; path = Base.lproj/LaunchScreen.storyboard; sourceTree = "<group>"; };
		2C4AEAD41FA33DE700C2FAA9 /* Info.plist */ = {isa = PBXFileReference; lastKnownFileType = text.plist.xml; path = Info.plist; sourceTree = "<group>"; };
		2C4AEAD91FA33DE800C2FAA9 /* LRFTodoListTests.xctest */ = {isa = PBXFileReference; explicitFileType = wrapper.cfbundle; includeInIndex = 0; path = LRFTodoListTests.xctest; sourceTree = BUILT_PRODUCTS_DIR; };
		2C4AEADD1FA33DE800C2FAA9 /* LRFTodoListTests.swift */ = {isa = PBXFileReference; lastKnownFileType = sourcecode.swift; path = LRFTodoListTests.swift; sourceTree = "<group>"; };
		2C4AEADF1FA33DE800C2FAA9 /* Info.plist */ = {isa = PBXFileReference; lastKnownFileType = text.plist.xml; path = Info.plist; sourceTree = "<group>"; };
		2C4AEAE41FA33DE800C2FAA9 /* LRFTodoListUITests.xctest */ = {isa = PBXFileReference; explicitFileType = wrapper.cfbundle; includeInIndex = 0; path = LRFTodoListUITests.xctest; sourceTree = BUILT_PRODUCTS_DIR; };
		2C4AEAE81FA33DE800C2FAA9 /* LRFTodoListUITests.swift */ = {isa = PBXFileReference; lastKnownFileType = sourcecode.swift; path = LRFTodoListUITests.swift; sourceTree = "<group>"; };
		2C4AEAEA1FA33DE800C2FAA9 /* Info.plist */ = {isa = PBXFileReference; lastKnownFileType = text.plist.xml; path = Info.plist; sourceTree = "<group>"; };
		2C4AEAFA1FA3428400C2FAA9 /* LRFNewTodoViewController.swift */ = {isa = PBXFileReference; lastKnownFileType = sourcecode.swift; path = LRFNewTodoViewController.swift; sourceTree = "<group>"; };
		2C4AEAFC1FA342C600C2FAA9 /* LRFTodoListTableViewController.swift */ = {isa = PBXFileReference; lastKnownFileType = sourcecode.swift; path = LRFTodoListTableViewController.swift; sourceTree = "<group>"; };
/* End PBXFileReference section */

/* Begin PBXFrameworksBuildPhase section */
		2C4AEAC21FA33DE700C2FAA9 /* Frameworks */ = {
			isa = PBXFrameworksBuildPhase;
			buildActionMask = 2147483647;
			files = (
			);
			runOnlyForDeploymentPostprocessing = 0;
		};
		2C4AEAD61FA33DE800C2FAA9 /* Frameworks */ = {
			isa = PBXFrameworksBuildPhase;
			buildActionMask = 2147483647;
			files = (
			);
			runOnlyForDeploymentPostprocessing = 0;
		};
		2C4AEAE11FA33DE800C2FAA9 /* Frameworks */ = {
			isa = PBXFrameworksBuildPhase;
			buildActionMask = 2147483647;
			files = (
			);
			runOnlyForDeploymentPostprocessing = 0;
		};
/* End PBXFrameworksBuildPhase section */

/* Begin PBXGroup section */
		2C4AEABC1FA33DE700C2FAA9 = {
			isa = PBXGroup;
			children = (
				2C4AEAC71FA33DE700C2FAA9 /* LRFTodoList */,
				2C4AEADC1FA33DE800C2FAA9 /* LRFTodoListTests */,
				2C4AEAE71FA33DE800C2FAA9 /* LRFTodoListUITests */,
				2C4AEAC61FA33DE700C2FAA9 /* Products */,
			);
			sourceTree = "<group>";
		};
		2C4AEAC61FA33DE700C2FAA9 /* Products */ = {
			isa = PBXGroup;
			children = (
				2C4AEAC51FA33DE700C2FAA9 /* LRFTodoList.app */,
				2C4AEAD91FA33DE800C2FAA9 /* LRFTodoListTests.xctest */,
				2C4AEAE41FA33DE800C2FAA9 /* LRFTodoListUITests.xctest */,
			);
			name = Products;
			sourceTree = "<group>";
		};
		2C4AEAC71FA33DE700C2FAA9 /* LRFTodoList */ = {
			isa = PBXGroup;
			children = (
				2C4AEAC81FA33DE700C2FAA9 /* AppDelegate.swift */,
				2C4AEAFC1FA342C600C2FAA9 /* LRFTodoListTableViewController.swift */,
				2C4AEAFA1FA3428400C2FAA9 /* LRFNewTodoViewController.swift */,
				2C4AEACC1FA33DE700C2FAA9 /* Main.storyboard */,
				2C4AEACF1FA33DE700C2FAA9 /* Assets.xcassets */,
				2C4AEAD11FA33DE700C2FAA9 /* LaunchScreen.storyboard */,
				2C4AEAD41FA33DE700C2FAA9 /* Info.plist */,
			);
			path = LRFTodoList;
			sourceTree = "<group>";
		};
		2C4AEADC1FA33DE800C2FAA9 /* LRFTodoListTests */ = {
			isa = PBXGroup;
			children = (
				2C4AEADD1FA33DE800C2FAA9 /* LRFTodoListTests.swift */,
				2C4AEADF1FA33DE800C2FAA9 /* Info.plist */,
			);
			path = LRFTodoListTests;
			sourceTree = "<group>";
		};
		2C4AEAE71FA33DE800C2FAA9 /* LRFTodoListUITests */ = {
			isa = PBXGroup;
			children = (
				2C4AEAE81FA33DE800C2FAA9 /* LRFTodoListUITests.swift */,
				2C4AEAEA1FA33DE800C2FAA9 /* Info.plist */,
			);
			path = LRFTodoListUITests;
			sourceTree = "<group>";
		};
/* End PBXGroup section */

/* Begin PBXNativeTarget section */
		2C4AEAC41FA33DE700C2FAA9 /* LRFTodoList */ = {
			isa = PBXNativeTarget;
			buildConfigurationList = 2C4AEAED1FA33DE800C2FAA9 /* Build configuration list for PBXNativeTarget "LRFTodoList" */;
			buildPhases = (
				2C4AEAC11FA33DE700C2FAA9 /* Sources */,
				2C4AEAC21FA33DE700C2FAA9 /* Frameworks */,
				2C4AEAC31FA33DE700C2FAA9 /* Resources */,
			);
			buildRules = (
			);
			dependencies = (
			);
			name = LRFTodoList;
			productName = LRFTodoList;
			productReference = 2C4AEAC51FA33DE700C2FAA9 /* LRFTodoList.app */;
			productType = "com.apple.product-type.application";
		};
		2C4AEAD81FA33DE800C2FAA9 /* LRFTodoListTests */ = {
			isa = PBXNativeTarget;
			buildConfigurationList = 2C4AEAF01FA33DE800C2FAA9 /* Build configuration list for PBXNativeTarget "LRFTodoListTests" */;
			buildPhases = (
				2C4AEAD51FA33DE800C2FAA9 /* Sources */,
				2C4AEAD61FA33DE800C2FAA9 /* Frameworks */,
				2C4AEAD71FA33DE800C2FAA9 /* Resources */,
			);
			buildRules = (
			);
			dependencies = (
				2C4AEADB1FA33DE800C2FAA9 /* PBXTargetDependency */,
			);
			name = LRFTodoListTests;
			productName = LRFTodoListTests;
			productReference = 2C4AEAD91FA33DE800C2FAA9 /* LRFTodoListTests.xctest */;
			productType = "com.apple.product-type.bundle.unit-test";
		};
		2C4AEAE31FA33DE800C2FAA9 /* LRFTodoListUITests */ = {
			isa = PBXNativeTarget;
			buildConfigurationList = 2C4AEAF31FA33DE800C2FAA9 /* Build configuration list for PBXNativeTarget "LRFTodoListUITests" */;
			buildPhases = (
				2C4AEAE01FA33DE800C2FAA9 /* Sources */,
				2C4AEAE11FA33DE800C2FAA9 /* Frameworks */,
				2C4AEAE21FA33DE800C2FAA9 /* Resources */,
			);
			buildRules = (
			);
			dependencies = (
				2C4AEAE61FA33DE800C2FAA9 /* PBXTargetDependency */,
			);
			name = LRFTodoListUITests;
			productName = LRFTodoListUITests;
			productReference = 2C4AEAE41FA33DE800C2FAA9 /* LRFTodoListUITests.xctest */;
			productType = "com.apple.product-type.bundle.ui-testing";
		};
/* End PBXNativeTarget section */

/* Begin PBXProject section */
		2C4AEABD1FA33DE700C2FAA9 /* Project object */ = {
			isa = PBXProject;
			attributes = {
				LastSwiftUpdateCheck = 0900;
				LastUpgradeCheck = 0900;
				ORGANIZATIONNAME = Beijing.iOS.LRFTodoList;
				TargetAttributes = {
					2C4AEAC41FA33DE700C2FAA9 = {
						CreatedOnToolsVersion = 9.0.1;
						ProvisioningStyle = Automatic;
					};
					2C4AEAD81FA33DE800C2FAA9 = {
						CreatedOnToolsVersion = 9.0.1;
						ProvisioningStyle = Automatic;
						TestTargetID = 2C4AEAC41FA33DE700C2FAA9;
					};
					2C4AEAE31FA33DE800C2FAA9 = {
						CreatedOnToolsVersion = 9.0.1;
						ProvisioningStyle = Automatic;
						TestTargetID = 2C4AEAC41FA33DE700C2FAA9;
					};
				};
			};
			buildConfigurationList = 2C4AEAC01FA33DE700C2FAA9 /* Build configuration list for PBXProject "LRFTodoList" */;
			compatibilityVersion = "Xcode 8.0";
			developmentRegion = en;
			hasScannedForEncodings = 0;
			knownRegions = (
				en,
				Base,
			);
			mainGroup = 2C4AEABC1FA33DE700C2FAA9;
			productRefGroup = 2C4AEAC61FA33DE700C2FAA9 /* Products */;
			projectDirPath = "";
			projectRoot = "";
			targets = (
				2C4AEAC41FA33DE700C2FAA9 /* LRFTodoList */,
				2C4AEAD81FA33DE800C2FAA9 /* LRFTodoListTests */,
				2C4AEAE31FA33DE800C2FAA9 /* LRFTodoListUITests */,
			);
		};
/* End PBXProject section */

/* Begin PBXResourcesBuildPhase section */
		2C4AEAC31FA33DE700C2FAA9 /* Resources */ = {
			isa = PBXResourcesBuildPhase;
			buildActionMask = 2147483647;
			files = (
				2C4AEAD31FA33DE700C2FAA9 /* LaunchScreen.storyboard in Resources */,
				2C4AEAD01FA33DE700C2FAA9 /* Assets.xcassets in Resources */,
				2C4AEACE1FA33DE700C2FAA9 /* Main.storyboard in Resources */,
			);
			runOnlyForDeploymentPostprocessing = 0;
		};
		2C4AEAD71FA33DE800C2FAA9 /* Resources */ = {
			isa = PBXResourcesBuildPhase;
			buildActionMask = 2147483647;
			files = (
			);
			runOnlyForDeploymentPostprocessing = 0;
		};
		2C4AEAE21FA33DE800C2FAA9 /* Resources */ = {
			isa = PBXResourcesBuildPhase;
			buildActionMask = 2147483647;
			files = (
			);
			runOnlyForDeploymentPostprocessing = 0;
		};
/* End PBXResourcesBuildPhase section */

/* Begin PBXSourcesBuildPhase section */
		2C4AEAC11FA33DE700C2FAA9 /* Sources */ = {
			isa = PBXSourcesBuildPhase;
			buildActionMask = 2147483647;
			files = (
				2C4AEAFB1FA3428400C2FAA9 /* LRFNewTodoViewController.swift in Sources */,
				2C4AEAC91FA33DE700C2FAA9 /* AppDelegate.swift in Sources */,
				2C4AEAFD1FA342C600C2FAA9 /* LRFTodoListTableViewController.swift in Sources */,
			);
			runOnlyForDeploymentPostprocessing = 0;
		};
		2C4AEAD51FA33DE800C2FAA9 /* Sources */ = {
			isa = PBXSourcesBuildPhase;
			buildActionMask = 2147483647;
			files = (
				2C4AEADE1FA33DE800C2FAA9 /* LRFTodoListTests.swift in Sources */,
			);
			runOnlyForDeploymentPostprocessing = 0;
		};
		2C4AEAE01FA33DE800C2FAA9 /* Sources */ = {
			isa = PBXSourcesBuildPhase;
			buildActionMask = 2147483647;
			files = (
				2C4AEAE91FA33DE800C2FAA9 /* LRFTodoListUITests.swift in Sources */,
			);
			runOnlyForDeploymentPostprocessing = 0;
		};
/* End PBXSourcesBuildPhase section */

/* Begin PBXTargetDependency section */
		2C4AEADB1FA33DE800C2FAA9 /* PBXTargetDependency */ = {
			isa = PBXTargetDependency;
			target = 2C4AEAC41FA33DE700C2FAA9 /* LRFTodoList */;
			targetProxy = 2C4AEADA1FA33DE800C2FAA9 /* PBXContainerItemProxy */;
		};
		2C4AEAE61FA33DE800C2FAA9 /* PBXTargetDependency */ = {
			isa = PBXTargetDependency;
			target = 2C4AEAC41FA33DE700C2FAA9 /* LRFTodoList */;
			targetProxy = 2C4AEAE51FA33DE800C2FAA9 /* PBXContainerItemProxy */;
		};
/* End PBXTargetDependency section */

/* Begin PBXVariantGroup section */
		2C4AEACC1FA33DE700C2FAA9 /* Main.storyboard */ = {
			isa = PBXVariantGroup;
			children = (
				2C4AEACD1FA33DE700C2FAA9 /* Base */,
			);
			name = Main.storyboard;
			sourceTree = "<group>";
		};
		2C4AEAD11FA33DE700C2FAA9 /* LaunchScreen.storyboard */ = {
			isa = PBXVariantGroup;
			children = (
				2C4AEAD21FA33DE700C2FAA9 /* Base */,
			);
			name = LaunchScreen.storyboard;
			sourceTree = "<group>";
		};
/* End PBXVariantGroup section */

/* Begin XCBuildConfiguration section */
		2C4AEAEB1FA33DE800C2FAA9 /* Debug */ = {
			isa = XCBuildConfiguration;
			buildSettings = {
				ALWAYS_SEARCH_USER_PATHS = NO;
				CLANG_ANALYZER_NONNULL = YES;
				CLANG_ANALYZER_NUMBER_OBJECT_CONVERSION = YES_AGGRESSIVE;
				CLANG_CXX_LANGUAGE_STANDARD = "gnu++14";
				CLANG_CXX_LIBRARY = "libc++";
				CLANG_ENABLE_MODULES = YES;
				CLANG_ENABLE_OBJC_ARC = YES;
				CLANG_WARN_BLOCK_CAPTURE_AUTORELEASING = YES;
				CLANG_WARN_BOOL_CONVERSION = YES;
				CLANG_WARN_COMMA = YES;
				CLANG_WARN_CONSTANT_CONVERSION = YES;
				CLANG_WARN_DIRECT_OBJC_ISA_USAGE = YES_ERROR;
				CLANG_WARN_DOCUMENTATION_COMMENTS = YES;
				CLANG_WARN_EMPTY_BODY = YES;
				CLANG_WARN_ENUM_CONVERSION = YES;
				CLANG_WARN_INFINITE_RECURSION = YES;
				CLANG_WARN_INT_CONVERSION = YES;
				CLANG_WARN_NON_LITERAL_NULL_CONVERSION = YES;
				CLANG_WARN_OBJC_LITERAL_CONVERSION = YES;
				CLANG_WARN_OBJC_ROOT_CLASS = YES_ERROR;
				CLANG_WARN_RANGE_LOOP_ANALYSIS = YES;
				CLANG_WARN_STRICT_PROTOTYPES = YES;
				CLANG_WARN_SUSPICIOUS_MOVE = YES;
				CLANG_WARN_UNGUARDED_AVAILABILITY = YES_AGGRESSIVE;
				CLANG_WARN_UNREACHABLE_CODE = YES;
				CLANG_WARN__DUPLICATE_METHOD_MATCH = YES;
				CODE_SIGN_IDENTITY = "iPhone Developer";
				COPY_PHASE_STRIP = NO;
				DEBUG_INFORMATION_FORMAT = dwarf;
				ENABLE_STRICT_OBJC_MSGSEND = YES;
				ENABLE_TESTABILITY = YES;
				GCC_C_LANGUAGE_STANDARD = gnu11;
				GCC_DYNAMIC_NO_PIC = NO;
				GCC_NO_COMMON_BLOCKS = YES;
				GCC_OPTIMIZATION_LEVEL = 0;
				GCC_PREPROCESSOR_DEFINITIONS = (
					"DEBUG=1",
					"$(inherited)",
				);
				GCC_WARN_64_TO_32_BIT_CONVERSION = YES;
				GCC_WARN_ABOUT_RETURN_TYPE = YES_ERROR;
				GCC_WARN_UNDECLARED_SELECTOR = YES;
				GCC_WARN_UNINITIALIZED_AUTOS = YES_AGGRESSIVE;
				GCC_WARN_UNUSED_FUNCTION = YES;
				GCC_WARN_UNUSED_VARIABLE = YES;
				IPHONEOS_DEPLOYMENT_TARGET = 11.0;
				MTL_ENABLE_DEBUG_INFO = YES;
				ONLY_ACTIVE_ARCH = YES;
				SDKROOT = iphoneos;
				SWIFT_ACTIVE_COMPILATION_CONDITIONS = DEBUG;
				SWIFT_OPTIMIZATION_LEVEL = "-Onone";
			};
			name = Debug;
		};
		2C4AEAEC1FA33DE800C2FAA9 /* Release */ = {
			isa = XCBuildConfiguration;
			buildSettings = {
				ALWAYS_SEARCH_USER_PATHS = NO;
				CLANG_ANALYZER_NONNULL = YES;
				CLANG_ANALYZER_NUMBER_OBJECT_CONVERSION = YES_AGGRESSIVE;
				CLANG_CXX_LANGUAGE_STANDARD = "gnu++14";
				CLANG_CXX_LIBRARY = "libc++";
				CLANG_ENABLE_MODULES = YES;
				CLANG_ENABLE_OBJC_ARC = YES;
				CLANG_WARN_BLOCK_CAPTURE_AUTORELEASING = YES;
				CLANG_WARN_BOOL_CONVERSION = YES;
				CLANG_WARN_COMMA = YES;
				CLANG_WARN_CONSTANT_CONVERSION = YES;
				CLANG_WARN_DIRECT_OBJC_ISA_USAGE = YES_ERROR;
				CLANG_WARN_DOCUMENTATION_COMMENTS = YES;
				CLANG_WARN_EMPTY_BODY = YES;
				CLANG_WARN_ENUM_CONVERSION = YES;
				CLANG_WARN_INFINITE_RECURSION = YES;
				CLANG_WARN_INT_CONVERSION = YES;
				CLANG_WARN_NON_LITERAL_NULL_CONVERSION = YES;
				CLANG_WARN_OBJC_LITERAL_CONVERSION = YES;
				CLANG_WARN_OBJC_ROOT_CLASS = YES_ERROR;
				CLANG_WARN_RANGE_LOOP_ANALYSIS = YES;
				CLANG_WARN_STRICT_PROTOTYPES = YES;
				CLANG_WARN_SUSPICIOUS_MOVE = YES;
				CLANG_WARN_UNGUARDED_AVAILABILITY = YES_AGGRESSIVE;
				CLANG_WARN_UNREACHABLE_CODE = YES;
				CLANG_WARN__DUPLICATE_METHOD_MATCH = YES;
				CODE_SIGN_IDENTITY = "iPhone Developer";
				COPY_PHASE_STRIP = NO;
				DEBUG_INFORMATION_FORMAT = "dwarf-with-dsym";
				ENABLE_NS_ASSERTIONS = NO;
				ENABLE_STRICT_OBJC_MSGSEND = YES;
				GCC_C_LANGUAGE_STANDARD = gnu11;
				GCC_NO_COMMON_BLOCKS = YES;
				GCC_WARN_64_TO_32_BIT_CONVERSION = YES;
				GCC_WARN_ABOUT_RETURN_TYPE = YES_ERROR;
				GCC_WARN_UNDECLARED_SELECTOR = YES;
				GCC_WARN_UNINITIALIZED_AUTOS = YES_AGGRESSIVE;
				GCC_WARN_UNUSED_FUNCTION = YES;
				GCC_WARN_UNUSED_VARIABLE = YES;
				IPHONEOS_DEPLOYMENT_TARGET = 11.0;
				MTL_ENABLE_DEBUG_INFO = NO;
				SDKROOT = iphoneos;
				SWIFT_OPTIMIZATION_LEVEL = "-Owholemodule";
				VALIDATE_PRODUCT = YES;
			};
			name = Release;
		};
		2C4AEAEE1FA33DE800C2FAA9 /* Debug */ = {
			isa = XCBuildConfiguration;
			buildSettings = {
				ASSETCATALOG_COMPILER_APPICON_NAME = AppIcon;
				CODE_SIGN_STYLE = Automatic;
				INFOPLIST_FILE = LRFTodoList/Info.plist;
				LD_RUNPATH_SEARCH_PATHS = "$(inherited) @executable_path/Frameworks";
				PRODUCT_BUNDLE_IDENTIFIER = Beijing.iOS.LRFTodoList;
				PRODUCT_NAME = "$(TARGET_NAME)";
				SWIFT_VERSION = 4.0;
				TARGETED_DEVICE_FAMILY = "1,2";
			};
			name = Debug;
		};
		2C4AEAEF1FA33DE800C2FAA9 /* Release */ = {
			isa = XCBuildConfiguration;
			buildSettings = {
				ASSETCATALOG_COMPILER_APPICON_NAME = AppIcon;
				CODE_SIGN_STYLE = Automatic;
				INFOPLIST_FILE = LRFTodoList/Info.plist;
				LD_RUNPATH_SEARCH_PATHS = "$(inherited) @executable_path/Frameworks";
				PRODUCT_BUNDLE_IDENTIFIER = Beijing.iOS.LRFTodoList;
				PRODUCT_NAME = "$(TARGET_NAME)";
				SWIFT_VERSION = 4.0;
				TARGETED_DEVICE_FAMILY = "1,2";
			};
			name = Release;
		};
		2C4AEAF11FA33DE800C2FAA9 /* Debug */ = {
			isa = XCBuildConfiguration;
			buildSettings = {
				ALWAYS_EMBED_SWIFT_STANDARD_LIBRARIES = YES;
				BUNDLE_LOADER = "$(TEST_HOST)";
				CODE_SIGN_STYLE = Automatic;
				INFOPLIST_FILE = LRFTodoListTests/Info.plist;
				LD_RUNPATH_SEARCH_PATHS = "$(inherited) @executable_path/Frameworks @loader_path/Frameworks";
				PRODUCT_BUNDLE_IDENTIFIER = Beijing.iOS.LRFTodoListTests;
				PRODUCT_NAME = "$(TARGET_NAME)";
				SWIFT_VERSION = 4.0;
				TARGETED_DEVICE_FAMILY = "1,2";
				TEST_HOST = "$(BUILT_PRODUCTS_DIR)/LRFTodoList.app/LRFTodoList";
			};
			name = Debug;
		};
		2C4AEAF21FA33DE800C2FAA9 /* Release */ = {
			isa = XCBuildConfiguration;
			buildSettings = {
				ALWAYS_EMBED_SWIFT_STANDARD_LIBRARIES = YES;
				BUNDLE_LOADER = "$(TEST_HOST)";
				CODE_SIGN_STYLE = Automatic;
				INFOPLIST_FILE = LRFTodoListTests/Info.plist;
				LD_RUNPATH_SEARCH_PATHS = "$(inherited) @executable_path/Frameworks @loader_path/Frameworks";
				PRODUCT_BUNDLE_IDENTIFIER = Beijing.iOS.LRFTodoListTests;
				PRODUCT_NAME = "$(TARGET_NAME)";
				SWIFT_VERSION = 4.0;
				TARGETED_DEVICE_FAMILY = "1,2";
				TEST_HOST = "$(BUILT_PRODUCTS_DIR)/LRFTodoList.app/LRFTodoList";
			};
			name = Release;
		};
		2C4AEAF41FA33DE800C2FAA9 /* Debug */ = {
			isa = XCBuildConfiguration;
			buildSettings = {
				ALWAYS_EMBED_SWIFT_STANDARD_LIBRARIES = YES;
				CODE_SIGN_STYLE = Automatic;
				INFOPLIST_FILE = LRFTodoListUITests/Info.plist;
				LD_RUNPATH_SEARCH_PATHS = "$(inherited) @executable_path/Frameworks @loader_path/Frameworks";
				PRODUCT_BUNDLE_IDENTIFIER = Beijing.iOS.LRFTodoListUITests;
				PRODUCT_NAME = "$(TARGET_NAME)";
				SWIFT_VERSION = 4.0;
				TARGETED_DEVICE_FAMILY = "1,2";
				TEST_TARGET_NAME = LRFTodoList;
			};
			name = Debug;
		};
		2C4AEAF51FA33DE800C2FAA9 /* Release */ = {
			isa = XCBuildConfiguration;
			buildSettings = {
				ALWAYS_EMBED_SWIFT_STANDARD_LIBRARIES = YES;
				CODE_SIGN_STYLE = Automatic;
				INFOPLIST_FILE = LRFTodoListUITests/Info.plist;
				LD_RUNPATH_SEARCH_PATHS = "$(inherited) @executable_path/Frameworks @loader_path/Frameworks";
				PRODUCT_BUNDLE_IDENTIFIER = Beijing.iOS.LRFTodoListUITests;
				PRODUCT_NAME = "$(TARGET_NAME)";
				SWIFT_VERSION = 4.0;
				TARGETED_DEVICE_FAMILY = "1,2";
				TEST_TARGET_NAME = LRFTodoList;
			};
			name = Release;
		};
/* End XCBuildConfiguration section */

/* Begin XCConfigurationList section */
		2C4AEAC01FA33DE700C2FAA9 /* Build configuration list for PBXProject "LRFTodoList" */ = {
			isa = XCConfigurationList;
			buildConfigurations = (
				2C4AEAEB1FA33DE800C2FAA9 /* Debug */,
				2C4AEAEC1FA33DE800C2FAA9 /* Release */,
			);
			defaultConfigurationIsVisible = 0;
			defaultConfigurationName = Release;
		};
		2C4AEAED1FA33DE800C2FAA9 /* Build configuration list for PBXNativeTarget "LRFTodoList" */ = {
			isa = XCConfigurationList;
			buildConfigurations = (
				2C4AEAEE1FA33DE800C2FAA9 /* Debug */,
				2C4AEAEF1FA33DE800C2FAA9 /* Release */,
			);
			defaultConfigurationIsVisible = 0;
			defaultConfigurationName = Release;
		};
		2C4AEAF01FA33DE800C2FAA9 /* Build configuration list for PBXNativeTarget "LRFTodoListTests" */ = {
			isa = XCConfigurationList;
			buildConfigurations = (
				2C4AEAF11FA33DE800C2FAA9 /* Debug */,
				2C4AEAF21FA33DE800C2FAA9 /* Release */,
			);
			defaultConfigurationIsVisible = 0;
			defaultConfigurationName = Release;
		};
		2C4AEAF31FA33DE800C2FAA9 /* Build configuration list for PBXNativeTarget "LRFTodoListUITests" */ = {
			isa = XCConfigurationList;
			buildConfigurations = (
				2C4AEAF41FA33DE800C2FAA9 /* Debug */,
				2C4AEAF51FA33DE800C2FAA9 /* Release */,
			);
			defaultConfigurationIsVisible = 0;
			defaultConfigurationName = Release;
		};
/* End XCConfigurationList section */
	};
	rootObject = 2C4AEABD1FA33DE700C2FAA9 /* Project object */;
}
