// !$*UTF8*$!
{
	archiveVersion = 1;
	classes = {
	};
	objectVersion = 48;
	objects = {

/* Begin PBXBuildFile section */
		2C77F82C1FB706B3005E3190 /* AppDelegate.swift in Sources */ = {isa = PBXBuildFile; fileRef = 2C77F82B1FB706B3005E3190 /* AppDelegate.swift */; };
		2C77F82E1FB706B3005E3190 /* ViewController.swift in Sources */ = {isa = PBXBuildFile; fileRef = 2C77F82D1FB706B3005E3190 /* ViewController.swift */; };
		2C77F8311FB706B3005E3190 /* Main.storyboard in Resources */ = {isa = PBXBuildFile; fileRef = 2C77F82F1FB706B3005E3190 /* Main.storyboard */; };
		2C77F8331FB706B3005E3190 /* Assets.xcassets in Resources */ = {isa = PBXBuildFile; fileRef = 2C77F8321FB706B3005E3190 /* Assets.xcassets */; };
		2C77F8361FB706B3005E3190 /* LaunchScreen.storyboard in Resources */ = {isa = PBXBuildFile; fileRef = 2C77F8341FB706B3005E3190 /* LaunchScreen.storyboard */; };
		2C77F8411FB706B4005E3190 /* LRFSmilingFaceTests.swift in Sources */ = {isa = PBXBuildFile; fileRef = 2C77F8401FB706B4005E3190 /* LRFSmilingFaceTests.swift */; };
		2C77F84C1FB706B4005E3190 /* LRFSmilingFaceUITests.swift in Sources */ = {isa = PBXBuildFile; fileRef = 2C77F84B1FB706B4005E3190 /* LRFSmilingFaceUITests.swift */; };
/* End PBXBuildFile section */

/* Begin PBXContainerItemProxy section */
		2C77F83D1FB706B4005E3190 /* PBXContainerItemProxy */ = {
			isa = PBXContainerItemProxy;
			containerPortal = 2C77F8201FB706B3005E3190 /* Project object */;
			proxyType = 1;
			remoteGlobalIDString = 2C77F8271FB706B3005E3190;
			remoteInfo = LRFSmilingFace;
		};
		2C77F8481FB706B4005E3190 /* PBXContainerItemProxy */ = {
			isa = PBXContainerItemProxy;
			containerPortal = 2C77F8201FB706B3005E3190 /* Project object */;
			proxyType = 1;
			remoteGlobalIDString = 2C77F8271FB706B3005E3190;
			remoteInfo = LRFSmilingFace;
		};
/* End PBXContainerItemProxy section */

/* Begin PBXFileReference section */
		2C77F8281FB706B3005E3190 /* LRFSmilingFace.app */ = {isa = PBXFileReference; explicitFileType = wrapper.application; includeInIndex = 0; path = LRFSmilingFace.app; sourceTree = BUILT_PRODUCTS_DIR; };
		2C77F82B1FB706B3005E3190 /* AppDelegate.swift */ = {isa = PBXFileReference; lastKnownFileType = sourcecode.swift; path = AppDelegate.swift; sourceTree = "<group>"; };
		2C77F82D1FB706B3005E3190 /* ViewController.swift */ = {isa = PBXFileReference; lastKnownFileType = sourcecode.swift; path = ViewController.swift; sourceTree = "<group>"; };
		2C77F8301FB706B3005E3190 /* Base */ = {isa = PBXFileReference; lastKnownFileType = file.storyboard; name = Base; path = Base.lproj/Main.storyboard; sourceTree = "<group>"; };
		2C77F8321FB706B3005E3190 /* Assets.xcassets */ = {isa = PBXFileReference; lastKnownFileType = folder.assetcatalog; path = Assets.xcassets; sourceTree = "<group>"; };
		2C77F8351FB706B3005E3190 /* Base */ = {isa = PBXFileReference; lastKnownFileType = file.storyboard; name = Base; path = Base.lproj/LaunchScreen.storyboard; sourceTree = "<group>"; };
		2C77F8371FB706B3005E3190 /* Info.plist */ = {isa = PBXFileReference; lastKnownFileType = text.plist.xml; path = Info.plist; sourceTree = "<group>"; };
		2C77F83C1FB706B4005E3190 /* LRFSmilingFaceTests.xctest */ = {isa = PBXFileReference; explicitFileType = wrapper.cfbundle; includeInIndex = 0; path = LRFSmilingFaceTests.xctest; sourceTree = BUILT_PRODUCTS_DIR; };
		2C77F8401FB706B4005E3190 /* LRFSmilingFaceTests.swift */ = {isa = PBXFileReference; lastKnownFileType = sourcecode.swift; path = LRFSmilingFaceTests.swift; sourceTree = "<group>"; };
		2C77F8421FB706B4005E3190 /* Info.plist */ = {isa = PBXFileReference; lastKnownFileType = text.plist.xml; path = Info.plist; sourceTree = "<group>"; };
		2C77F8471FB706B4005E3190 /* LRFSmilingFaceUITests.xctest */ = {isa = PBXFileReference; explicitFileType = wrapper.cfbundle; includeInIndex = 0; path = LRFSmilingFaceUITests.xctest; sourceTree = BUILT_PRODUCTS_DIR; };
		2C77F84B1FB706B4005E3190 /* LRFSmilingFaceUITests.swift */ = {isa = PBXFileReference; lastKnownFileType = sourcecode.swift; path = LRFSmilingFaceUITests.swift; sourceTree = "<group>"; };
		2C77F84D1FB706B4005E3190 /* Info.plist */ = {isa = PBXFileReference; lastKnownFileType = text.plist.xml; path = Info.plist; sourceTree = "<group>"; };
/* End PBXFileReference section */

/* Begin PBXFrameworksBuildPhase section */
		2C77F8251FB706B3005E3190 /* Frameworks */ = {
			isa = PBXFrameworksBuildPhase;
			buildActionMask = 2147483647;
			files = (
			);
			runOnlyForDeploymentPostprocessing = 0;
		};
		2C77F8391FB706B4005E3190 /* Frameworks */ = {
			isa = PBXFrameworksBuildPhase;
			buildActionMask = 2147483647;
			files = (
			);
			runOnlyForDeploymentPostprocessing = 0;
		};
		2C77F8441FB706B4005E3190 /* Frameworks */ = {
			isa = PBXFrameworksBuildPhase;
			buildActionMask = 2147483647;
			files = (
			);
			runOnlyForDeploymentPostprocessing = 0;
		};
/* End PBXFrameworksBuildPhase section */

/* Begin PBXGroup section */
		2C77F81F1FB706B3005E3190 = {
			isa = PBXGroup;
			children = (
				2C77F82A1FB706B3005E3190 /* LRFSmilingFace */,
				2C77F83F1FB706B4005E3190 /* LRFSmilingFaceTests */,
				2C77F84A1FB706B4005E3190 /* LRFSmilingFaceUITests */,
				2C77F8291FB706B3005E3190 /* Products */,
			);
			sourceTree = "<group>";
		};
		2C77F8291FB706B3005E3190 /* Products */ = {
			isa = PBXGroup;
			children = (
				2C77F8281FB706B3005E3190 /* LRFSmilingFace.app */,
				2C77F83C1FB706B4005E3190 /* LRFSmilingFaceTests.xctest */,
				2C77F8471FB706B4005E3190 /* LRFSmilingFaceUITests.xctest */,
			);
			name = Products;
			sourceTree = "<group>";
		};
		2C77F82A1FB706B3005E3190 /* LRFSmilingFace */ = {
			isa = PBXGroup;
			children = (
				2C77F82B1FB706B3005E3190 /* AppDelegate.swift */,
				2C77F82D1FB706B3005E3190 /* ViewController.swift */,
				2C77F82F1FB706B3005E3190 /* Main.storyboard */,
				2C77F8321FB706B3005E3190 /* Assets.xcassets */,
				2C77F8341FB706B3005E3190 /* LaunchScreen.storyboard */,
				2C77F8371FB706B3005E3190 /* Info.plist */,
			);
			path = LRFSmilingFace;
			sourceTree = "<group>";
		};
		2C77F83F1FB706B4005E3190 /* LRFSmilingFaceTests */ = {
			isa = PBXGroup;
			children = (
				2C77F8401FB706B4005E3190 /* LRFSmilingFaceTests.swift */,
				2C77F8421FB706B4005E3190 /* Info.plist */,
			);
			path = LRFSmilingFaceTests;
			sourceTree = "<group>";
		};
		2C77F84A1FB706B4005E3190 /* LRFSmilingFaceUITests */ = {
			isa = PBXGroup;
			children = (
				2C77F84B1FB706B4005E3190 /* LRFSmilingFaceUITests.swift */,
				2C77F84D1FB706B4005E3190 /* Info.plist */,
			);
			path = LRFSmilingFaceUITests;
			sourceTree = "<group>";
		};
/* End PBXGroup section */

/* Begin PBXNativeTarget section */
		2C77F8271FB706B3005E3190 /* LRFSmilingFace */ = {
			isa = PBXNativeTarget;
			buildConfigurationList = 2C77F8501FB706B4005E3190 /* Build configuration list for PBXNativeTarget "LRFSmilingFace" */;
			buildPhases = (
				2C77F8241FB706B3005E3190 /* Sources */,
				2C77F8251FB706B3005E3190 /* Frameworks */,
				2C77F8261FB706B3005E3190 /* Resources */,
			);
			buildRules = (
			);
			dependencies = (
			);
			name = LRFSmilingFace;
			productName = LRFSmilingFace;
			productReference = 2C77F8281FB706B3005E3190 /* LRFSmilingFace.app */;
			productType = "com.apple.product-type.application";
		};
		2C77F83B1FB706B4005E3190 /* LRFSmilingFaceTests */ = {
			isa = PBXNativeTarget;
			buildConfigurationList = 2C77F8531FB706B4005E3190 /* Build configuration list for PBXNativeTarget "LRFSmilingFaceTests" */;
			buildPhases = (
				2C77F8381FB706B4005E3190 /* Sources */,
				2C77F8391FB706B4005E3190 /* Frameworks */,
				2C77F83A1FB706B4005E3190 /* Resources */,
			);
			buildRules = (
			);
			dependencies = (
				2C77F83E1FB706B4005E3190 /* PBXTargetDependency */,
			);
			name = LRFSmilingFaceTests;
			productName = LRFSmilingFaceTests;
			productReference = 2C77F83C1FB706B4005E3190 /* LRFSmilingFaceTests.xctest */;
			productType = "com.apple.product-type.bundle.unit-test";
		};
		2C77F8461FB706B4005E3190 /* LRFSmilingFaceUITests */ = {
			isa = PBXNativeTarget;
			buildConfigurationList = 2C77F8561FB706B4005E3190 /* Build configuration list for PBXNativeTarget "LRFSmilingFaceUITests" */;
			buildPhases = (
				2C77F8431FB706B4005E3190 /* Sources */,
				2C77F8441FB706B4005E3190 /* Frameworks */,
				2C77F8451FB706B4005E3190 /* Resources */,
			);
			buildRules = (
			);
			dependencies = (
				2C77F8491FB706B4005E3190 /* PBXTargetDependency */,
			);
			name = LRFSmilingFaceUITests;
			productName = LRFSmilingFaceUITests;
			productReference = 2C77F8471FB706B4005E3190 /* LRFSmilingFaceUITests.xctest */;
			productType = "com.apple.product-type.bundle.ui-testing";
		};
/* End PBXNativeTarget section */

/* Begin PBXProject section */
		2C77F8201FB706B3005E3190 /* Project object */ = {
			isa = PBXProject;
			attributes = {
				LastSwiftUpdateCheck = 0910;
				LastUpgradeCheck = 0910;
				ORGANIZATIONNAME = Laura;
				TargetAttributes = {
					2C77F8271FB706B3005E3190 = {
						CreatedOnToolsVersion = 9.1;
						ProvisioningStyle = Automatic;
					};
					2C77F83B1FB706B4005E3190 = {
						CreatedOnToolsVersion = 9.1;
						ProvisioningStyle = Automatic;
						TestTargetID = 2C77F8271FB706B3005E3190;
					};
					2C77F8461FB706B4005E3190 = {
						CreatedOnToolsVersion = 9.1;
						ProvisioningStyle = Automatic;
						TestTargetID = 2C77F8271FB706B3005E3190;
					};
				};
			};
			buildConfigurationList = 2C77F8231FB706B3005E3190 /* Build configuration list for PBXProject "LRFSmilingFace" */;
			compatibilityVersion = "Xcode 8.0";
			developmentRegion = en;
			hasScannedForEncodings = 0;
			knownRegions = (
				en,
				Base,
			);
			mainGroup = 2C77F81F1FB706B3005E3190;
			productRefGroup = 2C77F8291FB706B3005E3190 /* Products */;
			projectDirPath = "";
			projectRoot = "";
			targets = (
				2C77F8271FB706B3005E3190 /* LRFSmilingFace */,
				2C77F83B1FB706B4005E3190 /* LRFSmilingFaceTests */,
				2C77F8461FB706B4005E3190 /* LRFSmilingFaceUITests */,
			);
		};
/* End PBXProject section */

/* Begin PBXResourcesBuildPhase section */
		2C77F8261FB706B3005E3190 /* Resources */ = {
			isa = PBXResourcesBuildPhase;
			buildActionMask = 2147483647;
			files = (
				2C77F8361FB706B3005E3190 /* LaunchScreen.storyboard in Resources */,
				2C77F8331FB706B3005E3190 /* Assets.xcassets in Resources */,
				2C77F8311FB706B3005E3190 /* Main.storyboard in Resources */,
			);
			runOnlyForDeploymentPostprocessing = 0;
		};
		2C77F83A1FB706B4005E3190 /* Resources */ = {
			isa = PBXResourcesBuildPhase;
			buildActionMask = 2147483647;
			files = (
			);
			runOnlyForDeploymentPostprocessing = 0;
		};
		2C77F8451FB706B4005E3190 /* Resources */ = {
			isa = PBXResourcesBuildPhase;
			buildActionMask = 2147483647;
			files = (
			);
			runOnlyForDeploymentPostprocessing = 0;
		};
/* End PBXResourcesBuildPhase section */

/* Begin PBXSourcesBuildPhase section */
		2C77F8241FB706B3005E3190 /* Sources */ = {
			isa = PBXSourcesBuildPhase;
			buildActionMask = 2147483647;
			files = (
				2C77F82E1FB706B3005E3190 /* ViewController.swift in Sources */,
				2C77F82C1FB706B3005E3190 /* AppDelegate.swift in Sources */,
			);
			runOnlyForDeploymentPostprocessing = 0;
		};
		2C77F8381FB706B4005E3190 /* Sources */ = {
			isa = PBXSourcesBuildPhase;
			buildActionMask = 2147483647;
			files = (
				2C77F8411FB706B4005E3190 /* LRFSmilingFaceTests.swift in Sources */,
			);
			runOnlyForDeploymentPostprocessing = 0;
		};
		2C77F8431FB706B4005E3190 /* Sources */ = {
			isa = PBXSourcesBuildPhase;
			buildActionMask = 2147483647;
			files = (
				2C77F84C1FB706B4005E3190 /* LRFSmilingFaceUITests.swift in Sources */,
			);
			runOnlyForDeploymentPostprocessing = 0;
		};
/* End PBXSourcesBuildPhase section */

/* Begin PBXTargetDependency section */
		2C77F83E1FB706B4005E3190 /* PBXTargetDependency */ = {
			isa = PBXTargetDependency;
			target = 2C77F8271FB706B3005E3190 /* LRFSmilingFace */;
			targetProxy = 2C77F83D1FB706B4005E3190 /* PBXContainerItemProxy */;
		};
		2C77F8491FB706B4005E3190 /* PBXTargetDependency */ = {
			isa = PBXTargetDependency;
			target = 2C77F8271FB706B3005E3190 /* LRFSmilingFace */;
			targetProxy = 2C77F8481FB706B4005E3190 /* PBXContainerItemProxy */;
		};
/* End PBXTargetDependency section */

/* Begin PBXVariantGroup section */
		2C77F82F1FB706B3005E3190 /* Main.storyboard */ = {
			isa = PBXVariantGroup;
			children = (
				2C77F8301FB706B3005E3190 /* Base */,
			);
			name = Main.storyboard;
			sourceTree = "<group>";
		};
		2C77F8341FB706B3005E3190 /* LaunchScreen.storyboard */ = {
			isa = PBXVariantGroup;
			children = (
				2C77F8351FB706B3005E3190 /* Base */,
			);
			name = LaunchScreen.storyboard;
			sourceTree = "<group>";
		};
/* End PBXVariantGroup section */

/* Begin XCBuildConfiguration section */
		2C77F84E1FB706B4005E3190 /* Debug */ = {
			isa = XCBuildConfiguration;
			buildSettings = {
				ALWAYS_SEARCH_USER_PATHS = NO;
				CLANG_ANALYZER_NONNULL = YES;
				CLANG_ANALYZER_NUMBER_OBJECT_CONVERSION = YES_AGGRESSIVE;
				CLANG_CXX_LANGUAGE_STANDARD = "gnu++14";
				CLANG_CXX_LIBRARY = "libc++";
				CLANG_ENABLE_MODULES = YES;
				CLANG_ENABLE_OBJC_ARC = YES;
				CLANG_WARN_BLOCK_CAPTURE_AUTORELEASING = YES;
				CLANG_WARN_BOOL_CONVERSION = YES;
				CLANG_WARN_COMMA = YES;
				CLANG_WARN_CONSTANT_CONVERSION = YES;
				CLANG_WARN_DIRECT_OBJC_ISA_USAGE = YES_ERROR;
				CLANG_WARN_DOCUMENTATION_COMMENTS = YES;
				CLANG_WARN_EMPTY_BODY = YES;
				CLANG_WARN_ENUM_CONVERSION = YES;
				CLANG_WARN_INFINITE_RECURSION = YES;
				CLANG_WARN_INT_CONVERSION = YES;
				CLANG_WARN_NON_LITERAL_NULL_CONVERSION = YES;
				CLANG_WARN_OBJC_LITERAL_CONVERSION = YES;
				CLANG_WARN_OBJC_ROOT_CLASS = YES_ERROR;
				CLANG_WARN_RANGE_LOOP_ANALYSIS = YES;
				CLANG_WARN_STRICT_PROTOTYPES = YES;
				CLANG_WARN_SUSPICIOUS_MOVE = YES;
				CLANG_WARN_UNGUARDED_AVAILABILITY = YES_AGGRESSIVE;
				CLANG_WARN_UNREACHABLE_CODE = YES;
				CLANG_WARN__DUPLICATE_METHOD_MATCH = YES;
				CODE_SIGN_IDENTITY = "iPhone Developer";
				COPY_PHASE_STRIP = NO;
				DEBUG_INFORMATION_FORMAT = dwarf;
				ENABLE_STRICT_OBJC_MSGSEND = YES;
				ENABLE_TESTABILITY = YES;
				GCC_C_LANGUAGE_STANDARD = gnu11;
				GCC_DYNAMIC_NO_PIC = NO;
				GCC_NO_COMMON_BLOCKS = YES;
				GCC_OPTIMIZATION_LEVEL = 0;
				GCC_PREPROCESSOR_DEFINITIONS = (
					"DEBUG=1",
					"$(inherited)",
				);
				GCC_WARN_64_TO_32_BIT_CONVERSION = YES;
				GCC_WARN_ABOUT_RETURN_TYPE = YES_ERROR;
				GCC_WARN_UNDECLARED_SELECTOR = YES;
				GCC_WARN_UNINITIALIZED_AUTOS = YES_AGGRESSIVE;
				GCC_WARN_UNUSED_FUNCTION = YES;
				GCC_WARN_UNUSED_VARIABLE = YES;
				IPHONEOS_DEPLOYMENT_TARGET = 11.1;
				MTL_ENABLE_DEBUG_INFO = YES;
				ONLY_ACTIVE_ARCH = YES;
				SDKROOT = iphoneos;
				SWIFT_ACTIVE_COMPILATION_CONDITIONS = DEBUG;
				SWIFT_OPTIMIZATION_LEVEL = "-Onone";
			};
			name = Debug;
		};
		2C77F84F1FB706B4005E3190 /* Release */ = {
			isa = XCBuildConfiguration;
			buildSettings = {
				ALWAYS_SEARCH_USER_PATHS = NO;
				CLANG_ANALYZER_NONNULL = YES;
				CLANG_ANALYZER_NUMBER_OBJECT_CONVERSION = YES_AGGRESSIVE;
				CLANG_CXX_LANGUAGE_STANDARD = "gnu++14";
				CLANG_CXX_LIBRARY = "libc++";
				CLANG_ENABLE_MODULES = YES;
				CLANG_ENABLE_OBJC_ARC = YES;
				CLANG_WARN_BLOCK_CAPTURE_AUTORELEASING = YES;
				CLANG_WARN_BOOL_CONVERSION = YES;
				CLANG_WARN_COMMA = YES;
				CLANG_WARN_CONSTANT_CONVERSION = YES;
				CLANG_WARN_DIRECT_OBJC_ISA_USAGE = YES_ERROR;
				CLANG_WARN_DOCUMENTATION_COMMENTS = YES;
				CLANG_WARN_EMPTY_BODY = YES;
				CLANG_WARN_ENUM_CONVERSION = YES;
				CLANG_WARN_INFINITE_RECURSION = YES;
				CLANG_WARN_INT_CONVERSION = YES;
				CLANG_WARN_NON_LITERAL_NULL_CONVERSION = YES;
				CLANG_WARN_OBJC_LITERAL_CONVERSION = YES;
				CLANG_WARN_OBJC_ROOT_CLASS = YES_ERROR;
				CLANG_WARN_RANGE_LOOP_ANALYSIS = YES;
				CLANG_WARN_STRICT_PROTOTYPES = YES;
				CLANG_WARN_SUSPICIOUS_MOVE = YES;
				CLANG_WARN_UNGUARDED_AVAILABILITY = YES_AGGRESSIVE;
				CLANG_WARN_UNREACHABLE_CODE = YES;
				CLANG_WARN__DUPLICATE_METHOD_MATCH = YES;
				CODE_SIGN_IDENTITY = "iPhone Developer";
				COPY_PHASE_STRIP = NO;
				DEBUG_INFORMATION_FORMAT = "dwarf-with-dsym";
				ENABLE_NS_ASSERTIONS = NO;
				ENABLE_STRICT_OBJC_MSGSEND = YES;
				GCC_C_LANGUAGE_STANDARD = gnu11;
				GCC_NO_COMMON_BLOCKS = YES;
				GCC_WARN_64_TO_32_BIT_CONVERSION = YES;
				GCC_WARN_ABOUT_RETURN_TYPE = YES_ERROR;
				GCC_WARN_UNDECLARED_SELECTOR = YES;
				GCC_WARN_UNINITIALIZED_AUTOS = YES_AGGRESSIVE;
				GCC_WARN_UNUSED_FUNCTION = YES;
				GCC_WARN_UNUSED_VARIABLE = YES;
				IPHONEOS_DEPLOYMENT_TARGET = 11.1;
				MTL_ENABLE_DEBUG_INFO = NO;
				SDKROOT = iphoneos;
				SWIFT_OPTIMIZATION_LEVEL = "-Owholemodule";
				VALIDATE_PRODUCT = YES;
			};
			name = Release;
		};
		2C77F8511FB706B4005E3190 /* Debug */ = {
			isa = XCBuildConfiguration;
			buildSettings = {
				ASSETCATALOG_COMPILER_APPICON_NAME = AppIcon;
				CODE_SIGN_STYLE = Automatic;
				INFOPLIST_FILE = LRFSmilingFace/Info.plist;
				LD_RUNPATH_SEARCH_PATHS = "$(inherited) @executable_path/Frameworks";
				PRODUCT_BUNDLE_IDENTIFIER = com.Laura.LRFSmilingFace.LRFSmilingFace;
				PRODUCT_NAME = "$(TARGET_NAME)";
				SWIFT_VERSION = 4.0;
				TARGETED_DEVICE_FAMILY = "1,2";
			};
			name = Debug;
		};
		2C77F8521FB706B4005E3190 /* Release */ = {
			isa = XCBuildConfiguration;
			buildSettings = {
				ASSETCATALOG_COMPILER_APPICON_NAME = AppIcon;
				CODE_SIGN_STYLE = Automatic;
				INFOPLIST_FILE = LRFSmilingFace/Info.plist;
				LD_RUNPATH_SEARCH_PATHS = "$(inherited) @executable_path/Frameworks";
				PRODUCT_BUNDLE_IDENTIFIER = com.Laura.LRFSmilingFace.LRFSmilingFace;
				PRODUCT_NAME = "$(TARGET_NAME)";
				SWIFT_VERSION = 4.0;
				TARGETED_DEVICE_FAMILY = "1,2";
			};
			name = Release;
		};
		2C77F8541FB706B4005E3190 /* Debug */ = {
			isa = XCBuildConfiguration;
			buildSettings = {
				ALWAYS_EMBED_SWIFT_STANDARD_LIBRARIES = YES;
				BUNDLE_LOADER = "$(TEST_HOST)";
				CODE_SIGN_STYLE = Automatic;
				INFOPLIST_FILE = LRFSmilingFaceTests/Info.plist;
				LD_RUNPATH_SEARCH_PATHS = "$(inherited) @executable_path/Frameworks @loader_path/Frameworks";
				PRODUCT_BUNDLE_IDENTIFIER = com.Laura.LRFSmilingFace.LRFSmilingFaceTests;
				PRODUCT_NAME = "$(TARGET_NAME)";
				SWIFT_VERSION = 4.0;
				TARGETED_DEVICE_FAMILY = "1,2";
				TEST_HOST = "$(BUILT_PRODUCTS_DIR)/LRFSmilingFace.app/LRFSmilingFace";
			};
			name = Debug;
		};
		2C77F8551FB706B4005E3190 /* Release */ = {
			isa = XCBuildConfiguration;
			buildSettings = {
				ALWAYS_EMBED_SWIFT_STANDARD_LIBRARIES = YES;
				BUNDLE_LOADER = "$(TEST_HOST)";
				CODE_SIGN_STYLE = Automatic;
				INFOPLIST_FILE = LRFSmilingFaceTests/Info.plist;
				LD_RUNPATH_SEARCH_PATHS = "$(inherited) @executable_path/Frameworks @loader_path/Frameworks";
				PRODUCT_BUNDLE_IDENTIFIER = com.Laura.LRFSmilingFace.LRFSmilingFaceTests;
				PRODUCT_NAME = "$(TARGET_NAME)";
				SWIFT_VERSION = 4.0;
				TARGETED_DEVICE_FAMILY = "1,2";
				TEST_HOST = "$(BUILT_PRODUCTS_DIR)/LRFSmilingFace.app/LRFSmilingFace";
			};
			name = Release;
		};
		2C77F8571FB706B4005E3190 /* Debug */ = {
			isa = XCBuildConfiguration;
			buildSettings = {
				ALWAYS_EMBED_SWIFT_STANDARD_LIBRARIES = YES;
				CODE_SIGN_STYLE = Automatic;
				INFOPLIST_FILE = LRFSmilingFaceUITests/Info.plist;
				LD_RUNPATH_SEARCH_PATHS = "$(inherited) @executable_path/Frameworks @loader_path/Frameworks";
				PRODUCT_BUNDLE_IDENTIFIER = com.Laura.LRFSmilingFace.LRFSmilingFaceUITests;
				PRODUCT_NAME = "$(TARGET_NAME)";
				SWIFT_VERSION = 4.0;
				TARGETED_DEVICE_FAMILY = "1,2";
				TEST_TARGET_NAME = LRFSmilingFace;
			};
			name = Debug;
		};
		2C77F8581FB706B4005E3190 /* Release */ = {
			isa = XCBuildConfiguration;
			buildSettings = {
				ALWAYS_EMBED_SWIFT_STANDARD_LIBRARIES = YES;
				CODE_SIGN_STYLE = Automatic;
				INFOPLIST_FILE = LRFSmilingFaceUITests/Info.plist;
				LD_RUNPATH_SEARCH_PATHS = "$(inherited) @executable_path/Frameworks @loader_path/Frameworks";
				PRODUCT_BUNDLE_IDENTIFIER = com.Laura.LRFSmilingFace.LRFSmilingFaceUITests;
				PRODUCT_NAME = "$(TARGET_NAME)";
				SWIFT_VERSION = 4.0;
				TARGETED_DEVICE_FAMILY = "1,2";
				TEST_TARGET_NAME = LRFSmilingFace;
			};
			name = Release;
		};
/* End XCBuildConfiguration section */

/* Begin XCConfigurationList section */
		2C77F8231FB706B3005E3190 /* Build configuration list for PBXProject "LRFSmilingFace" */ = {
			isa = XCConfigurationList;
			buildConfigurations = (
				2C77F84E1FB706B4005E3190 /* Debug */,
				2C77F84F1FB706B4005E3190 /* Release */,
			);
			defaultConfigurationIsVisible = 0;
			defaultConfigurationName = Release;
		};
		2C77F8501FB706B4005E3190 /* Build configuration list for PBXNativeTarget "LRFSmilingFace" */ = {
			isa = XCConfigurationList;
			buildConfigurations = (
				2C77F8511FB706B4005E3190 /* Debug */,
				2C77F8521FB706B4005E3190 /* Release */,
			);
			defaultConfigurationIsVisible = 0;
			defaultConfigurationName = Release;
		};
		2C77F8531FB706B4005E3190 /* Build configuration list for PBXNativeTarget "LRFSmilingFaceTests" */ = {
			isa = XCConfigurationList;
			buildConfigurations = (
				2C77F8541FB706B4005E3190 /* Debug */,
				2C77F8551FB706B4005E3190 /* Release */,
			);
			defaultConfigurationIsVisible = 0;
			defaultConfigurationName = Release;
		};
		2C77F8561FB706B4005E3190 /* Build configuration list for PBXNativeTarget "LRFSmilingFaceUITests" */ = {
			isa = XCConfigurationList;
			buildConfigurations = (
				2C77F8571FB706B4005E3190 /* Debug */,
				2C77F8581FB706B4005E3190 /* Release */,
			);
			defaultConfigurationIsVisible = 0;
			defaultConfigurationName = Release;
		};
/* End XCConfigurationList section */
	};
	rootObject = 2C77F8201FB706B3005E3190 /* Project object */;
}
