// !$*UTF8*$!
{
	archiveVersion = 1;
	classes = {
	};
	objectVersion = 48;
	objects = {

/* Begin PBXBuildFile section */
		2C5FFECC1FA2189F0036EA69 /* AppDelegate.swift in Sources */ = {isa = PBXBuildFile; fileRef = 2C5FFECB1FA2189F0036EA69 /* AppDelegate.swift */; };
		2C5FFECE1FA2189F0036EA69 /* ViewController.swift in Sources */ = {isa = PBXBuildFile; fileRef = 2C5FFECD1FA2189F0036EA69 /* ViewController.swift */; };
		2C5FFED11FA2189F0036EA69 /* Main.storyboard in Resources */ = {isa = PBXBuildFile; fileRef = 2C5FFECF1FA2189F0036EA69 /* Main.storyboard */; };
		2C5FFED31FA2189F0036EA69 /* Assets.xcassets in Resources */ = {isa = PBXBuildFile; fileRef = 2C5FFED21FA2189F0036EA69 /* Assets.xcassets */; };
		2C5FFED61FA2189F0036EA69 /* LaunchScreen.storyboard in Resources */ = {isa = PBXBuildFile; fileRef = 2C5FFED41FA2189F0036EA69 /* LaunchScreen.storyboard */; };
		2C5FFEE11FA2189F0036EA69 /* LRFBannerTests.swift in Sources */ = {isa = PBXBuildFile; fileRef = 2C5FFEE01FA2189F0036EA69 /* LRFBannerTests.swift */; };
		2C5FFEEC1FA2189F0036EA69 /* LRFBannerUITests.swift in Sources */ = {isa = PBXBuildFile; fileRef = 2C5FFEEB1FA2189F0036EA69 /* LRFBannerUITests.swift */; };
/* End PBXBuildFile section */

/* Begin PBXContainerItemProxy section */
		2C5FFEDD1FA2189F0036EA69 /* PBXContainerItemProxy */ = {
			isa = PBXContainerItemProxy;
			containerPortal = 2C5FFEC01FA2189F0036EA69 /* Project object */;
			proxyType = 1;
			remoteGlobalIDString = 2C5FFEC71FA2189F0036EA69;
			remoteInfo = LRFBanner;
		};
		2C5FFEE81FA2189F0036EA69 /* PBXContainerItemProxy */ = {
			isa = PBXContainerItemProxy;
			containerPortal = 2C5FFEC01FA2189F0036EA69 /* Project object */;
			proxyType = 1;
			remoteGlobalIDString = 2C5FFEC71FA2189F0036EA69;
			remoteInfo = LRFBanner;
		};
/* End PBXContainerItemProxy section */

/* Begin PBXFileReference section */
		2C5FFEC81FA2189F0036EA69 /* LRFBanner.app */ = {isa = PBXFileReference; explicitFileType = wrapper.application; includeInIndex = 0; path = LRFBanner.app; sourceTree = BUILT_PRODUCTS_DIR; };
		2C5FFECB1FA2189F0036EA69 /* AppDelegate.swift */ = {isa = PBXFileReference; lastKnownFileType = sourcecode.swift; path = AppDelegate.swift; sourceTree = "<group>"; };
		2C5FFECD1FA2189F0036EA69 /* ViewController.swift */ = {isa = PBXFileReference; lastKnownFileType = sourcecode.swift; path = ViewController.swift; sourceTree = "<group>"; };
		2C5FFED01FA2189F0036EA69 /* Base */ = {isa = PBXFileReference; lastKnownFileType = file.storyboard; name = Base; path = Base.lproj/Main.storyboard; sourceTree = "<group>"; };
		2C5FFED21FA2189F0036EA69 /* Assets.xcassets */ = {isa = PBXFileReference; lastKnownFileType = folder.assetcatalog; path = Assets.xcassets; sourceTree = "<group>"; };
		2C5FFED51FA2189F0036EA69 /* Base */ = {isa = PBXFileReference; lastKnownFileType = file.storyboard; name = Base; path = Base.lproj/LaunchScreen.storyboard; sourceTree = "<group>"; };
		2C5FFED71FA2189F0036EA69 /* Info.plist */ = {isa = PBXFileReference; lastKnownFileType = text.plist.xml; path = Info.plist; sourceTree = "<group>"; };
		2C5FFEDC1FA2189F0036EA69 /* LRFBannerTests.xctest */ = {isa = PBXFileReference; explicitFileType = wrapper.cfbundle; includeInIndex = 0; path = LRFBannerTests.xctest; sourceTree = BUILT_PRODUCTS_DIR; };
		2C5FFEE01FA2189F0036EA69 /* LRFBannerTests.swift */ = {isa = PBXFileReference; lastKnownFileType = sourcecode.swift; path = LRFBannerTests.swift; sourceTree = "<group>"; };
		2C5FFEE21FA2189F0036EA69 /* Info.plist */ = {isa = PBXFileReference; lastKnownFileType = text.plist.xml; path = Info.plist; sourceTree = "<group>"; };
		2C5FFEE71FA2189F0036EA69 /* LRFBannerUITests.xctest */ = {isa = PBXFileReference; explicitFileType = wrapper.cfbundle; includeInIndex = 0; path = LRFBannerUITests.xctest; sourceTree = BUILT_PRODUCTS_DIR; };
		2C5FFEEB1FA2189F0036EA69 /* LRFBannerUITests.swift */ = {isa = PBXFileReference; lastKnownFileType = sourcecode.swift; path = LRFBannerUITests.swift; sourceTree = "<group>"; };
		2C5FFEED1FA2189F0036EA69 /* Info.plist */ = {isa = PBXFileReference; lastKnownFileType = text.plist.xml; path = Info.plist; sourceTree = "<group>"; };
/* End PBXFileReference section */

/* Begin PBXFrameworksBuildPhase section */
		2C5FFEC51FA2189F0036EA69 /* Frameworks */ = {
			isa = PBXFrameworksBuildPhase;
			buildActionMask = 2147483647;
			files = (
			);
			runOnlyForDeploymentPostprocessing = 0;
		};
		2C5FFED91FA2189F0036EA69 /* Frameworks */ = {
			isa = PBXFrameworksBuildPhase;
			buildActionMask = 2147483647;
			files = (
			);
			runOnlyForDeploymentPostprocessing = 0;
		};
		2C5FFEE41FA2189F0036EA69 /* Frameworks */ = {
			isa = PBXFrameworksBuildPhase;
			buildActionMask = 2147483647;
			files = (
			);
			runOnlyForDeploymentPostprocessing = 0;
		};
/* End PBXFrameworksBuildPhase section */

/* Begin PBXGroup section */
		2C5FFEBF1FA2189F0036EA69 = {
			isa = PBXGroup;
			children = (
				2C5FFECA1FA2189F0036EA69 /* LRFBanner */,
				2C5FFEDF1FA2189F0036EA69 /* LRFBannerTests */,
				2C5FFEEA1FA2189F0036EA69 /* LRFBannerUITests */,
				2C5FFEC91FA2189F0036EA69 /* Products */,
			);
			sourceTree = "<group>";
		};
		2C5FFEC91FA2189F0036EA69 /* Products */ = {
			isa = PBXGroup;
			children = (
				2C5FFEC81FA2189F0036EA69 /* LRFBanner.app */,
				2C5FFEDC1FA2189F0036EA69 /* LRFBannerTests.xctest */,
				2C5FFEE71FA2189F0036EA69 /* LRFBannerUITests.xctest */,
			);
			name = Products;
			sourceTree = "<group>";
		};
		2C5FFECA1FA2189F0036EA69 /* LRFBanner */ = {
			isa = PBXGroup;
			children = (
				2C5FFECB1FA2189F0036EA69 /* AppDelegate.swift */,
				2C5FFECD1FA2189F0036EA69 /* ViewController.swift */,
				2C5FFECF1FA2189F0036EA69 /* Main.storyboard */,
				2C5FFED21FA2189F0036EA69 /* Assets.xcassets */,
				2C5FFED41FA2189F0036EA69 /* LaunchScreen.storyboard */,
				2C5FFED71FA2189F0036EA69 /* Info.plist */,
			);
			path = LRFBanner;
			sourceTree = "<group>";
		};
		2C5FFEDF1FA2189F0036EA69 /* LRFBannerTests */ = {
			isa = PBXGroup;
			children = (
				2C5FFEE01FA2189F0036EA69 /* LRFBannerTests.swift */,
				2C5FFEE21FA2189F0036EA69 /* Info.plist */,
			);
			path = LRFBannerTests;
			sourceTree = "<group>";
		};
		2C5FFEEA1FA2189F0036EA69 /* LRFBannerUITests */ = {
			isa = PBXGroup;
			children = (
				2C5FFEEB1FA2189F0036EA69 /* LRFBannerUITests.swift */,
				2C5FFEED1FA2189F0036EA69 /* Info.plist */,
			);
			path = LRFBannerUITests;
			sourceTree = "<group>";
		};
/* End PBXGroup section */

/* Begin PBXNativeTarget section */
		2C5FFEC71FA2189F0036EA69 /* LRFBanner */ = {
			isa = PBXNativeTarget;
			buildConfigurationList = 2C5FFEF01FA2189F0036EA69 /* Build configuration list for PBXNativeTarget "LRFBanner" */;
			buildPhases = (
				2C5FFEC41FA2189F0036EA69 /* Sources */,
				2C5FFEC51FA2189F0036EA69 /* Frameworks */,
				2C5FFEC61FA2189F0036EA69 /* Resources */,
			);
			buildRules = (
			);
			dependencies = (
			);
			name = LRFBanner;
			productName = LRFBanner;
			productReference = 2C5FFEC81FA2189F0036EA69 /* LRFBanner.app */;
			productType = "com.apple.product-type.application";
		};
		2C5FFEDB1FA2189F0036EA69 /* LRFBannerTests */ = {
			isa = PBXNativeTarget;
			buildConfigurationList = 2C5FFEF31FA2189F0036EA69 /* Build configuration list for PBXNativeTarget "LRFBannerTests" */;
			buildPhases = (
				2C5FFED81FA2189F0036EA69 /* Sources */,
				2C5FFED91FA2189F0036EA69 /* Frameworks */,
				2C5FFEDA1FA2189F0036EA69 /* Resources */,
			);
			buildRules = (
			);
			dependencies = (
				2C5FFEDE1FA2189F0036EA69 /* PBXTargetDependency */,
			);
			name = LRFBannerTests;
			productName = LRFBannerTests;
			productReference = 2C5FFEDC1FA2189F0036EA69 /* LRFBannerTests.xctest */;
			productType = "com.apple.product-type.bundle.unit-test";
		};
		2C5FFEE61FA2189F0036EA69 /* LRFBannerUITests */ = {
			isa = PBXNativeTarget;
			buildConfigurationList = 2C5FFEF61FA2189F0036EA69 /* Build configuration list for PBXNativeTarget "LRFBannerUITests" */;
			buildPhases = (
				2C5FFEE31FA2189F0036EA69 /* Sources */,
				2C5FFEE41FA2189F0036EA69 /* Frameworks */,
				2C5FFEE51FA2189F0036EA69 /* Resources */,
			);
			buildRules = (
			);
			dependencies = (
				2C5FFEE91FA2189F0036EA69 /* PBXTargetDependency */,
			);
			name = LRFBannerUITests;
			productName = LRFBannerUITests;
			productReference = 2C5FFEE71FA2189F0036EA69 /* LRFBannerUITests.xctest */;
			productType = "com.apple.product-type.bundle.ui-testing";
		};
/* End PBXNativeTarget section */

/* Begin PBXProject section */
		2C5FFEC01FA2189F0036EA69 /* Project object */ = {
			isa = PBXProject;
			attributes = {
				LastSwiftUpdateCheck = 0900;
				LastUpgradeCheck = 0900;
				ORGANIZATIONNAME = Luara;
				TargetAttributes = {
					2C5FFEC71FA2189F0036EA69 = {
						CreatedOnToolsVersion = 9.0;
						ProvisioningStyle = Automatic;
					};
					2C5FFEDB1FA2189F0036EA69 = {
						CreatedOnToolsVersion = 9.0;
						ProvisioningStyle = Automatic;
						TestTargetID = 2C5FFEC71FA2189F0036EA69;
					};
					2C5FFEE61FA2189F0036EA69 = {
						CreatedOnToolsVersion = 9.0;
						ProvisioningStyle = Automatic;
						TestTargetID = 2C5FFEC71FA2189F0036EA69;
					};
				};
			};
			buildConfigurationList = 2C5FFEC31FA2189F0036EA69 /* Build configuration list for PBXProject "LRFBanner" */;
			compatibilityVersion = "Xcode 8.0";
			developmentRegion = en;
			hasScannedForEncodings = 0;
			knownRegions = (
				en,
				Base,
			);
			mainGroup = 2C5FFEBF1FA2189F0036EA69;
			productRefGroup = 2C5FFEC91FA2189F0036EA69 /* Products */;
			projectDirPath = "";
			projectRoot = "";
			targets = (
				2C5FFEC71FA2189F0036EA69 /* LRFBanner */,
				2C5FFEDB1FA2189F0036EA69 /* LRFBannerTests */,
				2C5FFEE61FA2189F0036EA69 /* LRFBannerUITests */,
			);
		};
/* End PBXProject section */

/* Begin PBXResourcesBuildPhase section */
		2C5FFEC61FA2189F0036EA69 /* Resources */ = {
			isa = PBXResourcesBuildPhase;
			buildActionMask = 2147483647;
			files = (
				2C5FFED61FA2189F0036EA69 /* LaunchScreen.storyboard in Resources */,
				2C5FFED31FA2189F0036EA69 /* Assets.xcassets in Resources */,
				2C5FFED11FA2189F0036EA69 /* Main.storyboard in Resources */,
			);
			runOnlyForDeploymentPostprocessing = 0;
		};
		2C5FFEDA1FA2189F0036EA69 /* Resources */ = {
			isa = PBXResourcesBuildPhase;
			buildActionMask = 2147483647;
			files = (
			);
			runOnlyForDeploymentPostprocessing = 0;
		};
		2C5FFEE51FA2189F0036EA69 /* Resources */ = {
			isa = PBXResourcesBuildPhase;
			buildActionMask = 2147483647;
			files = (
			);
			runOnlyForDeploymentPostprocessing = 0;
		};
/* End PBXResourcesBuildPhase section */

/* Begin PBXSourcesBuildPhase section */
		2C5FFEC41FA2189F0036EA69 /* Sources */ = {
			isa = PBXSourcesBuildPhase;
			buildActionMask = 2147483647;
			files = (
				2C5FFECE1FA2189F0036EA69 /* ViewController.swift in Sources */,
				2C5FFECC1FA2189F0036EA69 /* AppDelegate.swift in Sources */,
			);
			runOnlyForDeploymentPostprocessing = 0;
		};
		2C5FFED81FA2189F0036EA69 /* Sources */ = {
			isa = PBXSourcesBuildPhase;
			buildActionMask = 2147483647;
			files = (
				2C5FFEE11FA2189F0036EA69 /* LRFBannerTests.swift in Sources */,
			);
			runOnlyForDeploymentPostprocessing = 0;
		};
		2C5FFEE31FA2189F0036EA69 /* Sources */ = {
			isa = PBXSourcesBuildPhase;
			buildActionMask = 2147483647;
			files = (
				2C5FFEEC1FA2189F0036EA69 /* LRFBannerUITests.swift in Sources */,
			);
			runOnlyForDeploymentPostprocessing = 0;
		};
/* End PBXSourcesBuildPhase section */

/* Begin PBXTargetDependency section */
		2C5FFEDE1FA2189F0036EA69 /* PBXTargetDependency */ = {
			isa = PBXTargetDependency;
			target = 2C5FFEC71FA2189F0036EA69 /* LRFBanner */;
			targetProxy = 2C5FFEDD1FA2189F0036EA69 /* PBXContainerItemProxy */;
		};
		2C5FFEE91FA2189F0036EA69 /* PBXTargetDependency */ = {
			isa = PBXTargetDependency;
			target = 2C5FFEC71FA2189F0036EA69 /* LRFBanner */;
			targetProxy = 2C5FFEE81FA2189F0036EA69 /* PBXContainerItemProxy */;
		};
/* End PBXTargetDependency section */

/* Begin PBXVariantGroup section */
		2C5FFECF1FA2189F0036EA69 /* Main.storyboard */ = {
			isa = PBXVariantGroup;
			children = (
				2C5FFED01FA2189F0036EA69 /* Base */,
			);
			name = Main.storyboard;
			sourceTree = "<group>";
		};
		2C5FFED41FA2189F0036EA69 /* LaunchScreen.storyboard */ = {
			isa = PBXVariantGroup;
			children = (
				2C5FFED51FA2189F0036EA69 /* Base */,
			);
			name = LaunchScreen.storyboard;
			sourceTree = "<group>";
		};
/* End PBXVariantGroup section */

/* Begin XCBuildConfiguration section */
		2C5FFEEE1FA2189F0036EA69 /* Debug */ = {
			isa = XCBuildConfiguration;
			buildSettings = {
				ALWAYS_SEARCH_USER_PATHS = NO;
				CLANG_ANALYZER_NONNULL = YES;
				CLANG_ANALYZER_NUMBER_OBJECT_CONVERSION = YES_AGGRESSIVE;
				CLANG_CXX_LANGUAGE_STANDARD = "gnu++14";
				CLANG_CXX_LIBRARY = "libc++";
				CLANG_ENABLE_MODULES = YES;
				CLANG_ENABLE_OBJC_ARC = YES;
				CLANG_WARN_BLOCK_CAPTURE_AUTORELEASING = YES;
				CLANG_WARN_BOOL_CONVERSION = YES;
				CLANG_WARN_COMMA = YES;
				CLANG_WARN_CONSTANT_CONVERSION = YES;
				CLANG_WARN_DIRECT_OBJC_ISA_USAGE = YES_ERROR;
				CLANG_WARN_DOCUMENTATION_COMMENTS = YES;
				CLANG_WARN_EMPTY_BODY = YES;
				CLANG_WARN_ENUM_CONVERSION = YES;
				CLANG_WARN_INFINITE_RECURSION = YES;
				CLANG_WARN_INT_CONVERSION = YES;
				CLANG_WARN_NON_LITERAL_NULL_CONVERSION = YES;
				CLANG_WARN_OBJC_LITERAL_CONVERSION = YES;
				CLANG_WARN_OBJC_ROOT_CLASS = YES_ERROR;
				CLANG_WARN_RANGE_LOOP_ANALYSIS = YES;
				CLANG_WARN_STRICT_PROTOTYPES = YES;
				CLANG_WARN_SUSPICIOUS_MOVE = YES;
				CLANG_WARN_UNGUARDED_AVAILABILITY = YES_AGGRESSIVE;
				CLANG_WARN_UNREACHABLE_CODE = YES;
				CLANG_WARN__DUPLICATE_METHOD_MATCH = YES;
				CODE_SIGN_IDENTITY = "iPhone Developer";
				COPY_PHASE_STRIP = NO;
				DEBUG_INFORMATION_FORMAT = dwarf;
				ENABLE_STRICT_OBJC_MSGSEND = YES;
				ENABLE_TESTABILITY = YES;
				GCC_C_LANGUAGE_STANDARD = gnu11;
				GCC_DYNAMIC_NO_PIC = NO;
				GCC_NO_COMMON_BLOCKS = YES;
				GCC_OPTIMIZATION_LEVEL = 0;
				GCC_PREPROCESSOR_DEFINITIONS = (
					"DEBUG=1",
					"$(inherited)",
				);
				GCC_WARN_64_TO_32_BIT_CONVERSION = YES;
				GCC_WARN_ABOUT_RETURN_TYPE = YES_ERROR;
				GCC_WARN_UNDECLARED_SELECTOR = YES;
				GCC_WARN_UNINITIALIZED_AUTOS = YES_AGGRESSIVE;
				GCC_WARN_UNUSED_FUNCTION = YES;
				GCC_WARN_UNUSED_VARIABLE = YES;
				IPHONEOS_DEPLOYMENT_TARGET = 11.0;
				MTL_ENABLE_DEBUG_INFO = YES;
				ONLY_ACTIVE_ARCH = YES;
				SDKROOT = iphoneos;
				SWIFT_ACTIVE_COMPILATION_CONDITIONS = DEBUG;
				SWIFT_OPTIMIZATION_LEVEL = "-Onone";
			};
			name = Debug;
		};
		2C5FFEEF1FA2189F0036EA69 /* Release */ = {
			isa = XCBuildConfiguration;
			buildSettings = {
				ALWAYS_SEARCH_USER_PATHS = NO;
				CLANG_ANALYZER_NONNULL = YES;
				CLANG_ANALYZER_NUMBER_OBJECT_CONVERSION = YES_AGGRESSIVE;
				CLANG_CXX_LANGUAGE_STANDARD = "gnu++14";
				CLANG_CXX_LIBRARY = "libc++";
				CLANG_ENABLE_MODULES = YES;
				CLANG_ENABLE_OBJC_ARC = YES;
				CLANG_WARN_BLOCK_CAPTURE_AUTORELEASING = YES;
				CLANG_WARN_BOOL_CONVERSION = YES;
				CLANG_WARN_COMMA = YES;
				CLANG_WARN_CONSTANT_CONVERSION = YES;
				CLANG_WARN_DIRECT_OBJC_ISA_USAGE = YES_ERROR;
				CLANG_WARN_DOCUMENTATION_COMMENTS = YES;
				CLANG_WARN_EMPTY_BODY = YES;
				CLANG_WARN_ENUM_CONVERSION = YES;
				CLANG_WARN_INFINITE_RECURSION = YES;
				CLANG_WARN_INT_CONVERSION = YES;
				CLANG_WARN_NON_LITERAL_NULL_CONVERSION = YES;
				CLANG_WARN_OBJC_LITERAL_CONVERSION = YES;
				CLANG_WARN_OBJC_ROOT_CLASS = YES_ERROR;
				CLANG_WARN_RANGE_LOOP_ANALYSIS = YES;
				CLANG_WARN_STRICT_PROTOTYPES = YES;
				CLANG_WARN_SUSPICIOUS_MOVE = YES;
				CLANG_WARN_UNGUARDED_AVAILABILITY = YES_AGGRESSIVE;
				CLANG_WARN_UNREACHABLE_CODE = YES;
				CLANG_WARN__DUPLICATE_METHOD_MATCH = YES;
				CODE_SIGN_IDENTITY = "iPhone Developer";
				COPY_PHASE_STRIP = NO;
				DEBUG_INFORMATION_FORMAT = "dwarf-with-dsym";
				ENABLE_NS_ASSERTIONS = NO;
				ENABLE_STRICT_OBJC_MSGSEND = YES;
				GCC_C_LANGUAGE_STANDARD = gnu11;
				GCC_NO_COMMON_BLOCKS = YES;
				GCC_WARN_64_TO_32_BIT_CONVERSION = YES;
				GCC_WARN_ABOUT_RETURN_TYPE = YES_ERROR;
				GCC_WARN_UNDECLARED_SELECTOR = YES;
				GCC_WARN_UNINITIALIZED_AUTOS = YES_AGGRESSIVE;
				GCC_WARN_UNUSED_FUNCTION = YES;
				GCC_WARN_UNUSED_VARIABLE = YES;
				IPHONEOS_DEPLOYMENT_TARGET = 11.0;
				MTL_ENABLE_DEBUG_INFO = NO;
				SDKROOT = iphoneos;
				SWIFT_OPTIMIZATION_LEVEL = "-Owholemodule";
				VALIDATE_PRODUCT = YES;
			};
			name = Release;
		};
		2C5FFEF11FA2189F0036EA69 /* Debug */ = {
			isa = XCBuildConfiguration;
			buildSettings = {
				ASSETCATALOG_COMPILER_APPICON_NAME = AppIcon;
				CODE_SIGN_STYLE = Automatic;
				INFOPLIST_FILE = LRFBanner/Info.plist;
				LD_RUNPATH_SEARCH_PATHS = "$(inherited) @executable_path/Frameworks";
				PRODUCT_BUNDLE_IDENTIFIER = com.Luara.LRFBanner.LRFBanner;
				PRODUCT_NAME = "$(TARGET_NAME)";
				SWIFT_VERSION = 4.0;
				TARGETED_DEVICE_FAMILY = "1,2";
			};
			name = Debug;
		};
		2C5FFEF21FA2189F0036EA69 /* Release */ = {
			isa = XCBuildConfiguration;
			buildSettings = {
				ASSETCATALOG_COMPILER_APPICON_NAME = AppIcon;
				CODE_SIGN_STYLE = Automatic;
				INFOPLIST_FILE = LRFBanner/Info.plist;
				LD_RUNPATH_SEARCH_PATHS = "$(inherited) @executable_path/Frameworks";
				PRODUCT_BUNDLE_IDENTIFIER = com.Luara.LRFBanner.LRFBanner;
				PRODUCT_NAME = "$(TARGET_NAME)";
				SWIFT_VERSION = 4.0;
				TARGETED_DEVICE_FAMILY = "1,2";
			};
			name = Release;
		};
		2C5FFEF41FA2189F0036EA69 /* Debug */ = {
			isa = XCBuildConfiguration;
			buildSettings = {
				ALWAYS_EMBED_SWIFT_STANDARD_LIBRARIES = YES;
				BUNDLE_LOADER = "$(TEST_HOST)";
				CODE_SIGN_STYLE = Automatic;
				INFOPLIST_FILE = LRFBannerTests/Info.plist;
				LD_RUNPATH_SEARCH_PATHS = "$(inherited) @executable_path/Frameworks @loader_path/Frameworks";
				PRODUCT_BUNDLE_IDENTIFIER = com.Luara.LRFBanner.LRFBannerTests;
				PRODUCT_NAME = "$(TARGET_NAME)";
				SWIFT_VERSION = 4.0;
				TARGETED_DEVICE_FAMILY = "1,2";
				TEST_HOST = "$(BUILT_PRODUCTS_DIR)/LRFBanner.app/LRFBanner";
			};
			name = Debug;
		};
		2C5FFEF51FA2189F0036EA69 /* Release */ = {
			isa = XCBuildConfiguration;
			buildSettings = {
				ALWAYS_EMBED_SWIFT_STANDARD_LIBRARIES = YES;
				BUNDLE_LOADER = "$(TEST_HOST)";
				CODE_SIGN_STYLE = Automatic;
				INFOPLIST_FILE = LRFBannerTests/Info.plist;
				LD_RUNPATH_SEARCH_PATHS = "$(inherited) @executable_path/Frameworks @loader_path/Frameworks";
				PRODUCT_BUNDLE_IDENTIFIER = com.Luara.LRFBanner.LRFBannerTests;
				PRODUCT_NAME = "$(TARGET_NAME)";
				SWIFT_VERSION = 4.0;
				TARGETED_DEVICE_FAMILY = "1,2";
				TEST_HOST = "$(BUILT_PRODUCTS_DIR)/LRFBanner.app/LRFBanner";
			};
			name = Release;
		};
		2C5FFEF71FA2189F0036EA69 /* Debug */ = {
			isa = XCBuildConfiguration;
			buildSettings = {
				ALWAYS_EMBED_SWIFT_STANDARD_LIBRARIES = YES;
				CODE_SIGN_STYLE = Automatic;
				INFOPLIST_FILE = LRFBannerUITests/Info.plist;
				LD_RUNPATH_SEARCH_PATHS = "$(inherited) @executable_path/Frameworks @loader_path/Frameworks";
				PRODUCT_BUNDLE_IDENTIFIER = com.Luara.LRFBanner.LRFBannerUITests;
				PRODUCT_NAME = "$(TARGET_NAME)";
				SWIFT_VERSION = 4.0;
				TARGETED_DEVICE_FAMILY = "1,2";
				TEST_TARGET_NAME = LRFBanner;
			};
			name = Debug;
		};
		2C5FFEF81FA2189F0036EA69 /* Release */ = {
			isa = XCBuildConfiguration;
			buildSettings = {
				ALWAYS_EMBED_SWIFT_STANDARD_LIBRARIES = YES;
				CODE_SIGN_STYLE = Automatic;
				INFOPLIST_FILE = LRFBannerUITests/Info.plist;
				LD_RUNPATH_SEARCH_PATHS = "$(inherited) @executable_path/Frameworks @loader_path/Frameworks";
				PRODUCT_BUNDLE_IDENTIFIER = com.Luara.LRFBanner.LRFBannerUITests;
				PRODUCT_NAME = "$(TARGET_NAME)";
				SWIFT_VERSION = 4.0;
				TARGETED_DEVICE_FAMILY = "1,2";
				TEST_TARGET_NAME = LRFBanner;
			};
			name = Release;
		};
/* End XCBuildConfiguration section */

/* Begin XCConfigurationList section */
		2C5FFEC31FA2189F0036EA69 /* Build configuration list for PBXProject "LRFBanner" */ = {
			isa = XCConfigurationList;
			buildConfigurations = (
				2C5FFEEE1FA2189F0036EA69 /* Debug */,
				2C5FFEEF1FA2189F0036EA69 /* Release */,
			);
			defaultConfigurationIsVisible = 0;
			defaultConfigurationName = Release;
		};
		2C5FFEF01FA2189F0036EA69 /* Build configuration list for PBXNativeTarget "LRFBanner" */ = {
			isa = XCConfigurationList;
			buildConfigurations = (
				2C5FFEF11FA2189F0036EA69 /* Debug */,
				2C5FFEF21FA2189F0036EA69 /* Release */,
			);
			defaultConfigurationIsVisible = 0;
			defaultConfigurationName = Release;
		};
		2C5FFEF31FA2189F0036EA69 /* Build configuration list for PBXNativeTarget "LRFBannerTests" */ = {
			isa = XCConfigurationList;
			buildConfigurations = (
				2C5FFEF41FA2189F0036EA69 /* Debug */,
				2C5FFEF51FA2189F0036EA69 /* Release */,
			);
			defaultConfigurationIsVisible = 0;
			defaultConfigurationName = Release;
		};
		2C5FFEF61FA2189F0036EA69 /* Build configuration list for PBXNativeTarget "LRFBannerUITests" */ = {
			isa = XCConfigurationList;
			buildConfigurations = (
				2C5FFEF71FA2189F0036EA69 /* Debug */,
				2C5FFEF81FA2189F0036EA69 /* Release */,
			);
			defaultConfigurationIsVisible = 0;
			defaultConfigurationName = Release;
		};
/* End XCConfigurationList section */
	};
	rootObject = 2C5FFEC01FA2189F0036EA69 /* Project object */;
}
