// !$*UTF8*$!
{
	archiveVersion = 1;
	classes = {
	};
	objectVersion = 48;
	objects = {

/* Begin PBXBuildFile section */
		2C77F8A01FB72117005E3190 /* AppDelegate.swift in Sources */ = {isa = PBXBuildFile; fileRef = 2C77F89F1FB72117005E3190 /* AppDelegate.swift */; };
		2C77F8A21FB72117005E3190 /* ViewController.swift in Sources */ = {isa = PBXBuildFile; fileRef = 2C77F8A11FB72117005E3190 /* ViewController.swift */; };
		2C77F8A51FB72117005E3190 /* Main.storyboard in Resources */ = {isa = PBXBuildFile; fileRef = 2C77F8A31FB72117005E3190 /* Main.storyboard */; };
		2C77F8A71FB72117005E3190 /* Assets.xcassets in Resources */ = {isa = PBXBuildFile; fileRef = 2C77F8A61FB72117005E3190 /* Assets.xcassets */; };
		2C77F8AA1FB72117005E3190 /* LaunchScreen.storyboard in Resources */ = {isa = PBXBuildFile; fileRef = 2C77F8A81FB72117005E3190 /* LaunchScreen.storyboard */; };
		2C77F8B51FB72117005E3190 /* LRFTwitterLogoTests.swift in Sources */ = {isa = PBXBuildFile; fileRef = 2C77F8B41FB72117005E3190 /* LRFTwitterLogoTests.swift */; };
		2C77F8C01FB72117005E3190 /* LRFTwitterLogoUITests.swift in Sources */ = {isa = PBXBuildFile; fileRef = 2C77F8BF1FB72117005E3190 /* LRFTwitterLogoUITests.swift */; };
/* End PBXBuildFile section */

/* Begin PBXContainerItemProxy section */
		2C77F8B11FB72117005E3190 /* PBXContainerItemProxy */ = {
			isa = PBXContainerItemProxy;
			containerPortal = 2C77F8941FB72117005E3190 /* Project object */;
			proxyType = 1;
			remoteGlobalIDString = 2C77F89B1FB72117005E3190;
			remoteInfo = LRFTwitterLogo;
		};
		2C77F8BC1FB72117005E3190 /* PBXContainerItemProxy */ = {
			isa = PBXContainerItemProxy;
			containerPortal = 2C77F8941FB72117005E3190 /* Project object */;
			proxyType = 1;
			remoteGlobalIDString = 2C77F89B1FB72117005E3190;
			remoteInfo = LRFTwitterLogo;
		};
/* End PBXContainerItemProxy section */

/* Begin PBXFileReference section */
		2C77F89C1FB72117005E3190 /* LRFTwitterLogo.app */ = {isa = PBXFileReference; explicitFileType = wrapper.application; includeInIndex = 0; path = LRFTwitterLogo.app; sourceTree = BUILT_PRODUCTS_DIR; };
		2C77F89F1FB72117005E3190 /* AppDelegate.swift */ = {isa = PBXFileReference; lastKnownFileType = sourcecode.swift; path = AppDelegate.swift; sourceTree = "<group>"; };
		2C77F8A11FB72117005E3190 /* ViewController.swift */ = {isa = PBXFileReference; lastKnownFileType = sourcecode.swift; path = ViewController.swift; sourceTree = "<group>"; };
		2C77F8A41FB72117005E3190 /* Base */ = {isa = PBXFileReference; lastKnownFileType = file.storyboard; name = Base; path = Base.lproj/Main.storyboard; sourceTree = "<group>"; };
		2C77F8A61FB72117005E3190 /* Assets.xcassets */ = {isa = PBXFileReference; lastKnownFileType = folder.assetcatalog; path = Assets.xcassets; sourceTree = "<group>"; };
		2C77F8A91FB72117005E3190 /* Base */ = {isa = PBXFileReference; lastKnownFileType = file.storyboard; name = Base; path = Base.lproj/LaunchScreen.storyboard; sourceTree = "<group>"; };
		2C77F8AB1FB72117005E3190 /* Info.plist */ = {isa = PBXFileReference; lastKnownFileType = text.plist.xml; path = Info.plist; sourceTree = "<group>"; };
		2C77F8B01FB72117005E3190 /* LRFTwitterLogoTests.xctest */ = {isa = PBXFileReference; explicitFileType = wrapper.cfbundle; includeInIndex = 0; path = LRFTwitterLogoTests.xctest; sourceTree = BUILT_PRODUCTS_DIR; };
		2C77F8B41FB72117005E3190 /* LRFTwitterLogoTests.swift */ = {isa = PBXFileReference; lastKnownFileType = sourcecode.swift; path = LRFTwitterLogoTests.swift; sourceTree = "<group>"; };
		2C77F8B61FB72117005E3190 /* Info.plist */ = {isa = PBXFileReference; lastKnownFileType = text.plist.xml; path = Info.plist; sourceTree = "<group>"; };
		2C77F8BB1FB72117005E3190 /* LRFTwitterLogoUITests.xctest */ = {isa = PBXFileReference; explicitFileType = wrapper.cfbundle; includeInIndex = 0; path = LRFTwitterLogoUITests.xctest; sourceTree = BUILT_PRODUCTS_DIR; };
		2C77F8BF1FB72117005E3190 /* LRFTwitterLogoUITests.swift */ = {isa = PBXFileReference; lastKnownFileType = sourcecode.swift; path = LRFTwitterLogoUITests.swift; sourceTree = "<group>"; };
		2C77F8C11FB72117005E3190 /* Info.plist */ = {isa = PBXFileReference; lastKnownFileType = text.plist.xml; path = Info.plist; sourceTree = "<group>"; };
/* End PBXFileReference section */

/* Begin PBXFrameworksBuildPhase section */
		2C77F8991FB72117005E3190 /* Frameworks */ = {
			isa = PBXFrameworksBuildPhase;
			buildActionMask = 2147483647;
			files = (
			);
			runOnlyForDeploymentPostprocessing = 0;
		};
		2C77F8AD1FB72117005E3190 /* Frameworks */ = {
			isa = PBXFrameworksBuildPhase;
			buildActionMask = 2147483647;
			files = (
			);
			runOnlyForDeploymentPostprocessing = 0;
		};
		2C77F8B81FB72117005E3190 /* Frameworks */ = {
			isa = PBXFrameworksBuildPhase;
			buildActionMask = 2147483647;
			files = (
			);
			runOnlyForDeploymentPostprocessing = 0;
		};
/* End PBXFrameworksBuildPhase section */

/* Begin PBXGroup section */
		2C77F8931FB72117005E3190 = {
			isa = PBXGroup;
			children = (
				2C77F89E1FB72117005E3190 /* LRFTwitterLogo */,
				2C77F8B31FB72117005E3190 /* LRFTwitterLogoTests */,
				2C77F8BE1FB72117005E3190 /* LRFTwitterLogoUITests */,
				2C77F89D1FB72117005E3190 /* Products */,
			);
			sourceTree = "<group>";
		};
		2C77F89D1FB72117005E3190 /* Products */ = {
			isa = PBXGroup;
			children = (
				2C77F89C1FB72117005E3190 /* LRFTwitterLogo.app */,
				2C77F8B01FB72117005E3190 /* LRFTwitterLogoTests.xctest */,
				2C77F8BB1FB72117005E3190 /* LRFTwitterLogoUITests.xctest */,
			);
			name = Products;
			sourceTree = "<group>";
		};
		2C77F89E1FB72117005E3190 /* LRFTwitterLogo */ = {
			isa = PBXGroup;
			children = (
				2C77F89F1FB72117005E3190 /* AppDelegate.swift */,
				2C77F8A11FB72117005E3190 /* ViewController.swift */,
				2C77F8A31FB72117005E3190 /* Main.storyboard */,
				2C77F8A61FB72117005E3190 /* Assets.xcassets */,
				2C77F8A81FB72117005E3190 /* LaunchScreen.storyboard */,
				2C77F8AB1FB72117005E3190 /* Info.plist */,
			);
			path = LRFTwitterLogo;
			sourceTree = "<group>";
		};
		2C77F8B31FB72117005E3190 /* LRFTwitterLogoTests */ = {
			isa = PBXGroup;
			children = (
				2C77F8B41FB72117005E3190 /* LRFTwitterLogoTests.swift */,
				2C77F8B61FB72117005E3190 /* Info.plist */,
			);
			path = LRFTwitterLogoTests;
			sourceTree = "<group>";
		};
		2C77F8BE1FB72117005E3190 /* LRFTwitterLogoUITests */ = {
			isa = PBXGroup;
			children = (
				2C77F8BF1FB72117005E3190 /* LRFTwitterLogoUITests.swift */,
				2C77F8C11FB72117005E3190 /* Info.plist */,
			);
			path = LRFTwitterLogoUITests;
			sourceTree = "<group>";
		};
/* End PBXGroup section */

/* Begin PBXNativeTarget section */
		2C77F89B1FB72117005E3190 /* LRFTwitterLogo */ = {
			isa = PBXNativeTarget;
			buildConfigurationList = 2C77F8C41FB72117005E3190 /* Build configuration list for PBXNativeTarget "LRFTwitterLogo" */;
			buildPhases = (
				2C77F8981FB72117005E3190 /* Sources */,
				2C77F8991FB72117005E3190 /* Frameworks */,
				2C77F89A1FB72117005E3190 /* Resources */,
			);
			buildRules = (
			);
			dependencies = (
			);
			name = LRFTwitterLogo;
			productName = LRFTwitterLogo;
			productReference = 2C77F89C1FB72117005E3190 /* LRFTwitterLogo.app */;
			productType = "com.apple.product-type.application";
		};
		2C77F8AF1FB72117005E3190 /* LRFTwitterLogoTests */ = {
			isa = PBXNativeTarget;
			buildConfigurationList = 2C77F8C71FB72117005E3190 /* Build configuration list for PBXNativeTarget "LRFTwitterLogoTests" */;
			buildPhases = (
				2C77F8AC1FB72117005E3190 /* Sources */,
				2C77F8AD1FB72117005E3190 /* Frameworks */,
				2C77F8AE1FB72117005E3190 /* Resources */,
			);
			buildRules = (
			);
			dependencies = (
				2C77F8B21FB72117005E3190 /* PBXTargetDependency */,
			);
			name = LRFTwitterLogoTests;
			productName = LRFTwitterLogoTests;
			productReference = 2C77F8B01FB72117005E3190 /* LRFTwitterLogoTests.xctest */;
			productType = "com.apple.product-type.bundle.unit-test";
		};
		2C77F8BA1FB72117005E3190 /* LRFTwitterLogoUITests */ = {
			isa = PBXNativeTarget;
			buildConfigurationList = 2C77F8CA1FB72117005E3190 /* Build configuration list for PBXNativeTarget "LRFTwitterLogoUITests" */;
			buildPhases = (
				2C77F8B71FB72117005E3190 /* Sources */,
				2C77F8B81FB72117005E3190 /* Frameworks */,
				2C77F8B91FB72117005E3190 /* Resources */,
			);
			buildRules = (
			);
			dependencies = (
				2C77F8BD1FB72117005E3190 /* PBXTargetDependency */,
			);
			name = LRFTwitterLogoUITests;
			productName = LRFTwitterLogoUITests;
			productReference = 2C77F8BB1FB72117005E3190 /* LRFTwitterLogoUITests.xctest */;
			productType = "com.apple.product-type.bundle.ui-testing";
		};
/* End PBXNativeTarget section */

/* Begin PBXProject section */
		2C77F8941FB72117005E3190 /* Project object */ = {
			isa = PBXProject;
			attributes = {
				LastSwiftUpdateCheck = 0910;
				LastUpgradeCheck = 0910;
				ORGANIZATIONNAME = Laura;
				TargetAttributes = {
					2C77F89B1FB72117005E3190 = {
						CreatedOnToolsVersion = 9.1;
						ProvisioningStyle = Automatic;
					};
					2C77F8AF1FB72117005E3190 = {
						CreatedOnToolsVersion = 9.1;
						ProvisioningStyle = Automatic;
						TestTargetID = 2C77F89B1FB72117005E3190;
					};
					2C77F8BA1FB72117005E3190 = {
						CreatedOnToolsVersion = 9.1;
						ProvisioningStyle = Automatic;
						TestTargetID = 2C77F89B1FB72117005E3190;
					};
				};
			};
			buildConfigurationList = 2C77F8971FB72117005E3190 /* Build configuration list for PBXProject "LRFTwitterLogo" */;
			compatibilityVersion = "Xcode 8.0";
			developmentRegion = en;
			hasScannedForEncodings = 0;
			knownRegions = (
				en,
				Base,
			);
			mainGroup = 2C77F8931FB72117005E3190;
			productRefGroup = 2C77F89D1FB72117005E3190 /* Products */;
			projectDirPath = "";
			projectRoot = "";
			targets = (
				2C77F89B1FB72117005E3190 /* LRFTwitterLogo */,
				2C77F8AF1FB72117005E3190 /* LRFTwitterLogoTests */,
				2C77F8BA1FB72117005E3190 /* LRFTwitterLogoUITests */,
			);
		};
/* End PBXProject section */

/* Begin PBXResourcesBuildPhase section */
		2C77F89A1FB72117005E3190 /* Resources */ = {
			isa = PBXResourcesBuildPhase;
			buildActionMask = 2147483647;
			files = (
				2C77F8AA1FB72117005E3190 /* LaunchScreen.storyboard in Resources */,
				2C77F8A71FB72117005E3190 /* Assets.xcassets in Resources */,
				2C77F8A51FB72117005E3190 /* Main.storyboard in Resources */,
			);
			runOnlyForDeploymentPostprocessing = 0;
		};
		2C77F8AE1FB72117005E3190 /* Resources */ = {
			isa = PBXResourcesBuildPhase;
			buildActionMask = 2147483647;
			files = (
			);
			runOnlyForDeploymentPostprocessing = 0;
		};
		2C77F8B91FB72117005E3190 /* Resources */ = {
			isa = PBXResourcesBuildPhase;
			buildActionMask = 2147483647;
			files = (
			);
			runOnlyForDeploymentPostprocessing = 0;
		};
/* End PBXResourcesBuildPhase section */

/* Begin PBXSourcesBuildPhase section */
		2C77F8981FB72117005E3190 /* Sources */ = {
			isa = PBXSourcesBuildPhase;
			buildActionMask = 2147483647;
			files = (
				2C77F8A21FB72117005E3190 /* ViewController.swift in Sources */,
				2C77F8A01FB72117005E3190 /* AppDelegate.swift in Sources */,
			);
			runOnlyForDeploymentPostprocessing = 0;
		};
		2C77F8AC1FB72117005E3190 /* Sources */ = {
			isa = PBXSourcesBuildPhase;
			buildActionMask = 2147483647;
			files = (
				2C77F8B51FB72117005E3190 /* LRFTwitterLogoTests.swift in Sources */,
			);
			runOnlyForDeploymentPostprocessing = 0;
		};
		2C77F8B71FB72117005E3190 /* Sources */ = {
			isa = PBXSourcesBuildPhase;
			buildActionMask = 2147483647;
			files = (
				2C77F8C01FB72117005E3190 /* LRFTwitterLogoUITests.swift in Sources */,
			);
			runOnlyForDeploymentPostprocessing = 0;
		};
/* End PBXSourcesBuildPhase section */

/* Begin PBXTargetDependency section */
		2C77F8B21FB72117005E3190 /* PBXTargetDependency */ = {
			isa = PBXTargetDependency;
			target = 2C77F89B1FB72117005E3190 /* LRFTwitterLogo */;
			targetProxy = 2C77F8B11FB72117005E3190 /* PBXContainerItemProxy */;
		};
		2C77F8BD1FB72117005E3190 /* PBXTargetDependency */ = {
			isa = PBXTargetDependency;
			target = 2C77F89B1FB72117005E3190 /* LRFTwitterLogo */;
			targetProxy = 2C77F8BC1FB72117005E3190 /* PBXContainerItemProxy */;
		};
/* End PBXTargetDependency section */

/* Begin PBXVariantGroup section */
		2C77F8A31FB72117005E3190 /* Main.storyboard */ = {
			isa = PBXVariantGroup;
			children = (
				2C77F8A41FB72117005E3190 /* Base */,
			);
			name = Main.storyboard;
			sourceTree = "<group>";
		};
		2C77F8A81FB72117005E3190 /* LaunchScreen.storyboard */ = {
			isa = PBXVariantGroup;
			children = (
				2C77F8A91FB72117005E3190 /* Base */,
			);
			name = LaunchScreen.storyboard;
			sourceTree = "<group>";
		};
/* End PBXVariantGroup section */

/* Begin XCBuildConfiguration section */
		2C77F8C21FB72117005E3190 /* Debug */ = {
			isa = XCBuildConfiguration;
			buildSettings = {
				ALWAYS_SEARCH_USER_PATHS = NO;
				CLANG_ANALYZER_NONNULL = YES;
				CLANG_ANALYZER_NUMBER_OBJECT_CONVERSION = YES_AGGRESSIVE;
				CLANG_CXX_LANGUAGE_STANDARD = "gnu++14";
				CLANG_CXX_LIBRARY = "libc++";
				CLANG_ENABLE_MODULES = YES;
				CLANG_ENABLE_OBJC_ARC = YES;
				CLANG_WARN_BLOCK_CAPTURE_AUTORELEASING = YES;
				CLANG_WARN_BOOL_CONVERSION = YES;
				CLANG_WARN_COMMA = YES;
				CLANG_WARN_CONSTANT_CONVERSION = YES;
				CLANG_WARN_DIRECT_OBJC_ISA_USAGE = YES_ERROR;
				CLANG_WARN_DOCUMENTATION_COMMENTS = YES;
				CLANG_WARN_EMPTY_BODY = YES;
				CLANG_WARN_ENUM_CONVERSION = YES;
				CLANG_WARN_INFINITE_RECURSION = YES;
				CLANG_WARN_INT_CONVERSION = YES;
				CLANG_WARN_NON_LITERAL_NULL_CONVERSION = YES;
				CLANG_WARN_OBJC_LITERAL_CONVERSION = YES;
				CLANG_WARN_OBJC_ROOT_CLASS = YES_ERROR;
				CLANG_WARN_RANGE_LOOP_ANALYSIS = YES;
				CLANG_WARN_STRICT_PROTOTYPES = YES;
				CLANG_WARN_SUSPICIOUS_MOVE = YES;
				CLANG_WARN_UNGUARDED_AVAILABILITY = YES_AGGRESSIVE;
				CLANG_WARN_UNREACHABLE_CODE = YES;
				CLANG_WARN__DUPLICATE_METHOD_MATCH = YES;
				CODE_SIGN_IDENTITY = "iPhone Developer";
				COPY_PHASE_STRIP = NO;
				DEBUG_INFORMATION_FORMAT = dwarf;
				ENABLE_STRICT_OBJC_MSGSEND = YES;
				ENABLE_TESTABILITY = YES;
				GCC_C_LANGUAGE_STANDARD = gnu11;
				GCC_DYNAMIC_NO_PIC = NO;
				GCC_NO_COMMON_BLOCKS = YES;
				GCC_OPTIMIZATION_LEVEL = 0;
				GCC_PREPROCESSOR_DEFINITIONS = (
					"DEBUG=1",
					"$(inherited)",
				);
				GCC_WARN_64_TO_32_BIT_CONVERSION = YES;
				GCC_WARN_ABOUT_RETURN_TYPE = YES_ERROR;
				GCC_WARN_UNDECLARED_SELECTOR = YES;
				GCC_WARN_UNINITIALIZED_AUTOS = YES_AGGRESSIVE;
				GCC_WARN_UNUSED_FUNCTION = YES;
				GCC_WARN_UNUSED_VARIABLE = YES;
				IPHONEOS_DEPLOYMENT_TARGET = 11.1;
				MTL_ENABLE_DEBUG_INFO = YES;
				ONLY_ACTIVE_ARCH = YES;
				SDKROOT = iphoneos;
				SWIFT_ACTIVE_COMPILATION_CONDITIONS = DEBUG;
				SWIFT_OPTIMIZATION_LEVEL = "-Onone";
			};
			name = Debug;
		};
		2C77F8C31FB72117005E3190 /* Release */ = {
			isa = XCBuildConfiguration;
			buildSettings = {
				ALWAYS_SEARCH_USER_PATHS = NO;
				CLANG_ANALYZER_NONNULL = YES;
				CLANG_ANALYZER_NUMBER_OBJECT_CONVERSION = YES_AGGRESSIVE;
				CLANG_CXX_LANGUAGE_STANDARD = "gnu++14";
				CLANG_CXX_LIBRARY = "libc++";
				CLANG_ENABLE_MODULES = YES;
				CLANG_ENABLE_OBJC_ARC = YES;
				CLANG_WARN_BLOCK_CAPTURE_AUTORELEASING = YES;
				CLANG_WARN_BOOL_CONVERSION = YES;
				CLANG_WARN_COMMA = YES;
				CLANG_WARN_CONSTANT_CONVERSION = YES;
				CLANG_WARN_DIRECT_OBJC_ISA_USAGE = YES_ERROR;
				CLANG_WARN_DOCUMENTATION_COMMENTS = YES;
				CLANG_WARN_EMPTY_BODY = YES;
				CLANG_WARN_ENUM_CONVERSION = YES;
				CLANG_WARN_INFINITE_RECURSION = YES;
				CLANG_WARN_INT_CONVERSION = YES;
				CLANG_WARN_NON_LITERAL_NULL_CONVERSION = YES;
				CLANG_WARN_OBJC_LITERAL_CONVERSION = YES;
				CLANG_WARN_OBJC_ROOT_CLASS = YES_ERROR;
				CLANG_WARN_RANGE_LOOP_ANALYSIS = YES;
				CLANG_WARN_STRICT_PROTOTYPES = YES;
				CLANG_WARN_SUSPICIOUS_MOVE = YES;
				CLANG_WARN_UNGUARDED_AVAILABILITY = YES_AGGRESSIVE;
				CLANG_WARN_UNREACHABLE_CODE = YES;
				CLANG_WARN__DUPLICATE_METHOD_MATCH = YES;
				CODE_SIGN_IDENTITY = "iPhone Developer";
				COPY_PHASE_STRIP = NO;
				DEBUG_INFORMATION_FORMAT = "dwarf-with-dsym";
				ENABLE_NS_ASSERTIONS = NO;
				ENABLE_STRICT_OBJC_MSGSEND = YES;
				GCC_C_LANGUAGE_STANDARD = gnu11;
				GCC_NO_COMMON_BLOCKS = YES;
				GCC_WARN_64_TO_32_BIT_CONVERSION = YES;
				GCC_WARN_ABOUT_RETURN_TYPE = YES_ERROR;
				GCC_WARN_UNDECLARED_SELECTOR = YES;
				GCC_WARN_UNINITIALIZED_AUTOS = YES_AGGRESSIVE;
				GCC_WARN_UNUSED_FUNCTION = YES;
				GCC_WARN_UNUSED_VARIABLE = YES;
				IPHONEOS_DEPLOYMENT_TARGET = 11.1;
				MTL_ENABLE_DEBUG_INFO = NO;
				SDKROOT = iphoneos;
				SWIFT_OPTIMIZATION_LEVEL = "-Owholemodule";
				VALIDATE_PRODUCT = YES;
			};
			name = Release;
		};
		2C77F8C51FB72117005E3190 /* Debug */ = {
			isa = XCBuildConfiguration;
			buildSettings = {
				ASSETCATALOG_COMPILER_APPICON_NAME = AppIcon;
				CODE_SIGN_STYLE = Automatic;
				INFOPLIST_FILE = LRFTwitterLogo/Info.plist;
				LD_RUNPATH_SEARCH_PATHS = "$(inherited) @executable_path/Frameworks";
				PRODUCT_BUNDLE_IDENTIFIER = com.Laura.LRFTwitterLogo.LRFTwitterLogo;
				PRODUCT_NAME = "$(TARGET_NAME)";
				SWIFT_VERSION = 4.0;
				TARGETED_DEVICE_FAMILY = "1,2";
			};
			name = Debug;
		};
		2C77F8C61FB72117005E3190 /* Release */ = {
			isa = XCBuildConfiguration;
			buildSettings = {
				ASSETCATALOG_COMPILER_APPICON_NAME = AppIcon;
				CODE_SIGN_STYLE = Automatic;
				INFOPLIST_FILE = LRFTwitterLogo/Info.plist;
				LD_RUNPATH_SEARCH_PATHS = "$(inherited) @executable_path/Frameworks";
				PRODUCT_BUNDLE_IDENTIFIER = com.Laura.LRFTwitterLogo.LRFTwitterLogo;
				PRODUCT_NAME = "$(TARGET_NAME)";
				SWIFT_VERSION = 4.0;
				TARGETED_DEVICE_FAMILY = "1,2";
			};
			name = Release;
		};
		2C77F8C81FB72117005E3190 /* Debug */ = {
			isa = XCBuildConfiguration;
			buildSettings = {
				ALWAYS_EMBED_SWIFT_STANDARD_LIBRARIES = YES;
				BUNDLE_LOADER = "$(TEST_HOST)";
				CODE_SIGN_STYLE = Automatic;
				INFOPLIST_FILE = LRFTwitterLogoTests/Info.plist;
				LD_RUNPATH_SEARCH_PATHS = "$(inherited) @executable_path/Frameworks @loader_path/Frameworks";
				PRODUCT_BUNDLE_IDENTIFIER = com.Laura.LRFTwitterLogo.LRFTwitterLogoTests;
				PRODUCT_NAME = "$(TARGET_NAME)";
				SWIFT_VERSION = 4.0;
				TARGETED_DEVICE_FAMILY = "1,2";
				TEST_HOST = "$(BUILT_PRODUCTS_DIR)/LRFTwitterLogo.app/LRFTwitterLogo";
			};
			name = Debug;
		};
		2C77F8C91FB72117005E3190 /* Release */ = {
			isa = XCBuildConfiguration;
			buildSettings = {
				ALWAYS_EMBED_SWIFT_STANDARD_LIBRARIES = YES;
				BUNDLE_LOADER = "$(TEST_HOST)";
				CODE_SIGN_STYLE = Automatic;
				INFOPLIST_FILE = LRFTwitterLogoTests/Info.plist;
				LD_RUNPATH_SEARCH_PATHS = "$(inherited) @executable_path/Frameworks @loader_path/Frameworks";
				PRODUCT_BUNDLE_IDENTIFIER = com.Laura.LRFTwitterLogo.LRFTwitterLogoTests;
				PRODUCT_NAME = "$(TARGET_NAME)";
				SWIFT_VERSION = 4.0;
				TARGETED_DEVICE_FAMILY = "1,2";
				TEST_HOST = "$(BUILT_PRODUCTS_DIR)/LRFTwitterLogo.app/LRFTwitterLogo";
			};
			name = Release;
		};
		2C77F8CB1FB72117005E3190 /* Debug */ = {
			isa = XCBuildConfiguration;
			buildSettings = {
				ALWAYS_EMBED_SWIFT_STANDARD_LIBRARIES = YES;
				CODE_SIGN_STYLE = Automatic;
				INFOPLIST_FILE = LRFTwitterLogoUITests/Info.plist;
				LD_RUNPATH_SEARCH_PATHS = "$(inherited) @executable_path/Frameworks @loader_path/Frameworks";
				PRODUCT_BUNDLE_IDENTIFIER = com.Laura.LRFTwitterLogo.LRFTwitterLogoUITests;
				PRODUCT_NAME = "$(TARGET_NAME)";
				SWIFT_VERSION = 4.0;
				TARGETED_DEVICE_FAMILY = "1,2";
				TEST_TARGET_NAME = LRFTwitterLogo;
			};
			name = Debug;
		};
		2C77F8CC1FB72117005E3190 /* Release */ = {
			isa = XCBuildConfiguration;
			buildSettings = {
				ALWAYS_EMBED_SWIFT_STANDARD_LIBRARIES = YES;
				CODE_SIGN_STYLE = Automatic;
				INFOPLIST_FILE = LRFTwitterLogoUITests/Info.plist;
				LD_RUNPATH_SEARCH_PATHS = "$(inherited) @executable_path/Frameworks @loader_path/Frameworks";
				PRODUCT_BUNDLE_IDENTIFIER = com.Laura.LRFTwitterLogo.LRFTwitterLogoUITests;
				PRODUCT_NAME = "$(TARGET_NAME)";
				SWIFT_VERSION = 4.0;
				TARGETED_DEVICE_FAMILY = "1,2";
				TEST_TARGET_NAME = LRFTwitterLogo;
			};
			name = Release;
		};
/* End XCBuildConfiguration section */

/* Begin XCConfigurationList section */
		2C77F8971FB72117005E3190 /* Build configuration list for PBXProject "LRFTwitterLogo" */ = {
			isa = XCConfigurationList;
			buildConfigurations = (
				2C77F8C21FB72117005E3190 /* Debug */,
				2C77F8C31FB72117005E3190 /* Release */,
			);
			defaultConfigurationIsVisible = 0;
			defaultConfigurationName = Release;
		};
		2C77F8C41FB72117005E3190 /* Build configuration list for PBXNativeTarget "LRFTwitterLogo" */ = {
			isa = XCConfigurationList;
			buildConfigurations = (
				2C77F8C51FB72117005E3190 /* Debug */,
				2C77F8C61FB72117005E3190 /* Release */,
			);
			defaultConfigurationIsVisible = 0;
			defaultConfigurationName = Release;
		};
		2C77F8C71FB72117005E3190 /* Build configuration list for PBXNativeTarget "LRFTwitterLogoTests" */ = {
			isa = XCConfigurationList;
			buildConfigurations = (
				2C77F8C81FB72117005E3190 /* Debug */,
				2C77F8C91FB72117005E3190 /* Release */,
			);
			defaultConfigurationIsVisible = 0;
			defaultConfigurationName = Release;
		};
		2C77F8CA1FB72117005E3190 /* Build configuration list for PBXNativeTarget "LRFTwitterLogoUITests" */ = {
			isa = XCConfigurationList;
			buildConfigurations = (
				2C77F8CB1FB72117005E3190 /* Debug */,
				2C77F8CC1FB72117005E3190 /* Release */,
			);
			defaultConfigurationIsVisible = 0;
			defaultConfigurationName = Release;
		};
/* End XCConfigurationList section */
	};
	rootObject = 2C77F8941FB72117005E3190 /* Project object */;
}
